// !$*UTF8*$!
{
	archiveVersion = 1;
	classes = {
	};
	objectVersion = 54;
	objects = {

/* Begin PBXBuildFile section */
		33243ED027FA154700ECBA97 /* FirebaseCrashlytics in Frameworks */ = {isa = PBXBuildFile; productRef = 33243ECF27FA154700ECBA97 /* FirebaseCrashlytics */; };
		33243ED227FA154700ECBA97 /* FirebaseFirestore in Frameworks */ = {isa = PBXBuildFile; productRef = 33243ED127FA154700ECBA97 /* FirebaseFirestore */; };
		33243ED427FA168800ECBA97 /* FirebaseAnalyticsWithoutAdIdSupport in Frameworks */ = {isa = PBXBuildFile; productRef = 33243ED327FA168800ECBA97 /* FirebaseAnalyticsWithoutAdIdSupport */; };
		33243ED627FA171400ECBA97 /* FirebaseAuth in Frameworks */ = {isa = PBXBuildFile; productRef = 33243ED527FA171400ECBA97 /* FirebaseAuth */; };
		4538D0CE29CA2DB600BB94DB /* GraphQLData.graphql.swift in Sources */ = {isa = PBXBuildFile; fileRef = 4538D0B829CA2DB600BB94DB /* GraphQLData.graphql.swift */; };
		4538D0CF29CA2DB600BB94DB /* GetTalksQuery.graphql.swift in Sources */ = {isa = PBXBuildFile; fileRef = 4538D0BB29CA2DB600BB94DB /* GetTalksQuery.graphql.swift */; };
		4538D0D229CA2DB600BB94DB /* Instant.swift in Sources */ = {isa = PBXBuildFile; fileRef = 4538D0C029CA2DB600BB94DB /* Instant.swift */; };
		4538D0D329CA2DB600BB94DB /* LocalDate.swift in Sources */ = {isa = PBXBuildFile; fileRef = 4538D0C129CA2DB600BB94DB /* LocalDate.swift */; };
		4538D0D429CA2DB600BB94DB /* LocalDateTime.swift in Sources */ = {isa = PBXBuildFile; fileRef = 4538D0C229CA2DB600BB94DB /* LocalDateTime.swift */; };
		4538D0D729CA2DB600BB94DB /* Query.graphql.swift in Sources */ = {isa = PBXBuildFile; fileRef = 4538D0C629CA2DB600BB94DB /* Query.graphql.swift */; };
		4538D0D929CA2DB600BB94DB /* SessionConnection.graphql.swift in Sources */ = {isa = PBXBuildFile; fileRef = 4538D0C829CA2DB600BB94DB /* SessionConnection.graphql.swift */; };
		4538D0DA29CA2DB600BB94DB /* Speaker.graphql.swift in Sources */ = {isa = PBXBuildFile; fileRef = 4538D0C929CA2DB600BB94DB /* Speaker.graphql.swift */; };
		4538D0DB29CA2DB600BB94DB /* Session.graphql.swift in Sources */ = {isa = PBXBuildFile; fileRef = 4538D0CA29CA2DB600BB94DB /* Session.graphql.swift */; };
		4538D0DC29CA2DB600BB94DB /* Room.graphql.swift in Sources */ = {isa = PBXBuildFile; fileRef = 4538D0CB29CA2DB600BB94DB /* Room.graphql.swift */; };
		4538D0DD29CA2DB600BB94DB /* SchemaConfiguration.swift in Sources */ = {isa = PBXBuildFile; fileRef = 4538D0CC29CA2DB600BB94DB /* SchemaConfiguration.swift */; };
		4538D0DE29CA2DB600BB94DB /* SchemaMetadata.graphql.swift in Sources */ = {isa = PBXBuildFile; fileRef = 4538D0CD29CA2DB600BB94DB /* SchemaMetadata.graphql.swift */; };
		4567FB1229D9D04F00724187 /* View+Utils.swift in Sources */ = {isa = PBXBuildFile; fileRef = 4567FB1129D9D04F00724187 /* View+Utils.swift */; };
		4567FB1729D9E08000724187 /* AgendaListView.swift in Sources */ = {isa = PBXBuildFile; fileRef = 4567FB1629D9E08000724187 /* AgendaListView.swift */; };
		4567FB1B29D9E13100724187 /* AgendaRoomListView.swift in Sources */ = {isa = PBXBuildFile; fileRef = 4567FB1A29D9E13100724187 /* AgendaRoomListView.swift */; };
		45DAAD7729E4867B0085977B /* AgendaRoomListViewModel.swift in Sources */ = {isa = PBXBuildFile; fileRef = 45DAAD7629E4867B0085977B /* AgendaRoomListViewModel.swift */; };
		45DAAD7A29E49D430085977B /* Apollo in Frameworks */ = {isa = PBXBuildFile; productRef = 45DAAD7929E49D430085977B /* Apollo */; };
		45DAAD7C29E49D430085977B /* ApolloSQLite in Frameworks */ = {isa = PBXBuildFile; productRef = 45DAAD7B29E49D430085977B /* ApolloSQLite */; };
		45EC5A9E29C254A500ABBB7F /* GraphQLTalksProvider.swift in Sources */ = {isa = PBXBuildFile; fileRef = 45EC5A9D29C254A500ABBB7F /* GraphQLTalksProvider.swift */; };
		45EC5AC229C26DCE00ABBB7F /* GraphQLDataProvider.swift in Sources */ = {isa = PBXBuildFile; fileRef = 45EC5AC129C26DCE00ABBB7F /* GraphQLDataProvider.swift */; };
		45EC5AC429C2701400ABBB7F /* SessionData.swift in Sources */ = {isa = PBXBuildFile; fileRef = 45EC5AC329C2701400ABBB7F /* SessionData.swift */; };
		6418BE5D2BA1EC8900F3EA79 /* GoogleService-Info.plist in Resources */ = {isa = PBXBuildFile; fileRef = 6418BE5C2BA1EC8900F3EA79 /* GoogleService-Info.plist */; };
		6440520B2B892F0200F87201 /* ResourcesUtils.swift in Sources */ = {isa = PBXBuildFile; fileRef = 6440520A2B892F0200F87201 /* ResourcesUtils.swift */; };
		647899322B90937800887B74 /* Speaker.swift in Sources */ = {isa = PBXBuildFile; fileRef = 647899312B90937800887B74 /* Speaker.swift */; };
		647899342B9093A000887B74 /* Session.swift in Sources */ = {isa = PBXBuildFile; fileRef = 647899332B9093A000887B74 /* Session.swift */; };
		647899362B9093C000887B74 /* Room.swift in Sources */ = {isa = PBXBuildFile; fileRef = 647899352B9093C000887B74 /* Room.swift */; };
		647899412B9219FA00887B74 /* ConferenceVenueViewModel.swift in Sources */ = {isa = PBXBuildFile; fileRef = 647899402B9219FA00887B74 /* ConferenceVenueViewModel.swift */; };
		647899422B9471BA00887B74 /* AfterPartyVenueViewModel.swift in Sources */ = {isa = PBXBuildFile; fileRef = 6478993E2B92196100887B74 /* AfterPartyVenueViewModel.swift */; };
		B207015E2353324400F8E2AF /* AgendaDetailView.swift in Sources */ = {isa = PBXBuildFile; fileRef = B207015D2353324400F8E2AF /* AgendaDetailView.swift */; };
		B20701602353372800F8E2AF /* AgendaDetailViewModel.swift in Sources */ = {isa = PBXBuildFile; fileRef = B207015F2353372800F8E2AF /* AgendaDetailViewModel.swift */; };
		B225422123FB27FE00C5A83E /* TimeProvider.swift in Sources */ = {isa = PBXBuildFile; fileRef = B225422023FB27FE00C5A83E /* TimeProvider.swift */; };
		B258187923C23E7800E1B0F0 /* AboutViewModel.swift in Sources */ = {isa = PBXBuildFile; fileRef = B258187823C23E7800E1B0F0 /* AboutViewModel.swift */; };
		B265B04223F02D3800EA363D /* FirestoreOpenFeedbackSynchronizer.swift in Sources */ = {isa = PBXBuildFile; fileRef = B265B04123F02D3800EA363D /* FirestoreOpenFeedbackSynchronizer.swift */; };
		B265B04423F05CFE00EA363D /* Timestamp+Codable.swift in Sources */ = {isa = PBXBuildFile; fileRef = B265B04323F05CFE00EA363D /* Timestamp+Codable.swift */; };
		B265B04723F0691400EA363D /* CodableFirebase in Frameworks */ = {isa = PBXBuildFile; productRef = B265B04623F0691400EA363D /* CodableFirebase */; };
		B265B04923F1ECA200EA363D /* TalkFeedback.swift in Sources */ = {isa = PBXBuildFile; fileRef = B265B04823F1ECA200EA363D /* TalkFeedback.swift */; };
		B265B04B23F32A8700EA363D /* AgendaFeedbackChoiceView.swift in Sources */ = {isa = PBXBuildFile; fileRef = B265B04A23F32A8700EA363D /* AgendaFeedbackChoiceView.swift */; };
		B265B04D23F47E1D00EA363D /* AgendaFeedbackChoiceViewModel.swift in Sources */ = {isa = PBXBuildFile; fileRef = B265B04C23F47E1C00EA363D /* AgendaFeedbackChoiceViewModel.swift */; };
		B268A96B243E445800412523 /* FirestoreRoomsProvider.swift in Sources */ = {isa = PBXBuildFile; fileRef = B268A96A243E445800412523 /* FirestoreRoomsProvider.swift */; };
		B268A96E24431E7500412523 /* WebButton.swift in Sources */ = {isa = PBXBuildFile; fileRef = B268A96D24431E7500412523 /* WebButton.swift */; };
		B26E853623D49187006C2C9E /* NSAttributedString+HTML.swift in Sources */ = {isa = PBXBuildFile; fileRef = B26E853523D49187006C2C9E /* NSAttributedString+HTML.swift */; };
		B26E853823D49242006C2C9E /* AttributedTextView.swift in Sources */ = {isa = PBXBuildFile; fileRef = B26E853723D49242006C2C9E /* AttributedTextView.swift */; };
		B26E853B23D49D8B006C2C9E /* SwiftRichString in Frameworks */ = {isa = PBXBuildFile; productRef = B26E853A23D49D8B006C2C9E /* SwiftRichString */; };
		B27CC3DD24549D0A0055D36B /* OpenFeedbackSynchronizer.swift in Sources */ = {isa = PBXBuildFile; fileRef = B27CC3DC24549D0A0055D36B /* OpenFeedbackSynchronizer.swift */; };
		B27CC3DF24549E1B0055D36B /* VoteData.swift in Sources */ = {isa = PBXBuildFile; fileRef = B27CC3DE24549E1B0055D36B /* VoteData.swift */; };
		B27CC3E12454A2930055D36B /* JsonOpenFeedbackSynchronizer.swift in Sources */ = {isa = PBXBuildFile; fileRef = B27CC3E02454A2930055D36B /* JsonOpenFeedbackSynchronizer.swift */; };
		B2A0669323521AC00062383A /* Language+UI.swift in Sources */ = {isa = PBXBuildFile; fileRef = B2A0669223521AC00062383A /* Language+UI.swift */; };
		B2BC0B7E23B90B6C00C85F69 /* LocationListView.swift in Sources */ = {isa = PBXBuildFile; fileRef = B2BC0B7D23B90B6C00C85F69 /* LocationListView.swift */; };
		B2BC0B8023B90DE100C85F69 /* LocationVenueView.swift in Sources */ = {isa = PBXBuildFile; fileRef = B2BC0B7F23B90DE100C85F69 /* LocationVenueView.swift */; };
		B2BC0B8223B91C5B00C85F69 /* LocationVenueViewModel.swift in Sources */ = {isa = PBXBuildFile; fileRef = B2BC0B8123B91C5B00C85F69 /* LocationVenueViewModel.swift */; };
		B2BC0B8423B91D2100C85F69 /* Model.swift in Sources */ = {isa = PBXBuildFile; fileRef = B2BC0B8323B91D2100C85F69 /* Model.swift */; };
		B2BC0B8823B933ED00C85F69 /* LocationPlanView.swift in Sources */ = {isa = PBXBuildFile; fileRef = B2BC0B8723B933ED00C85F69 /* LocationPlanView.swift */; };
		B2BC0B8B23BB66EF00C85F69 /* AboutView.swift in Sources */ = {isa = PBXBuildFile; fileRef = B2BC0B8A23BB66EF00C85F69 /* AboutView.swift */; };
		B2CD272F234D06530016AA02 /* AppDelegate.swift in Sources */ = {isa = PBXBuildFile; fileRef = B2CD272E234D06530016AA02 /* AppDelegate.swift */; };
		B2CD2731234D06530016AA02 /* SceneDelegate.swift in Sources */ = {isa = PBXBuildFile; fileRef = B2CD2730234D06530016AA02 /* SceneDelegate.swift */; };
		B2CD2733234D06530016AA02 /* ContentView.swift in Sources */ = {isa = PBXBuildFile; fileRef = B2CD2732234D06530016AA02 /* ContentView.swift */; };
		B2CD2735234D06560016AA02 /* Assets.xcassets in Resources */ = {isa = PBXBuildFile; fileRef = B2CD2734234D06560016AA02 /* Assets.xcassets */; };
		B2CD2738234D06560016AA02 /* Preview Assets.xcassets in Resources */ = {isa = PBXBuildFile; fileRef = B2CD2737234D06560016AA02 /* Preview Assets.xcassets */; };
		B2CD273B234D06560016AA02 /* LaunchScreen.storyboard in Resources */ = {isa = PBXBuildFile; fileRef = B2CD2739234D06560016AA02 /* LaunchScreen.storyboard */; };
		B2CD275F234D079B0016AA02 /* AgendaDayListView.swift in Sources */ = {isa = PBXBuildFile; fileRef = B2CD275E234D079B0016AA02 /* AgendaDayListView.swift */; };
		B2CD2763234D08820016AA02 /* AgendaCellView.swift in Sources */ = {isa = PBXBuildFile; fileRef = B2CD2762234D08820016AA02 /* AgendaCellView.swift */; };
		B2CD2768234D12500016AA02 /* SessionRepository.swift in Sources */ = {isa = PBXBuildFile; fileRef = B2CD2767234D12500016AA02 /* SessionRepository.swift */; };
		B2CD276C234D13380016AA02 /* Language.swift in Sources */ = {isa = PBXBuildFile; fileRef = B2CD276B234D13380016AA02 /* Language.swift */; };
		B2CD276E234D18450016AA02 /* AgendaDayListViewModel.swift in Sources */ = {isa = PBXBuildFile; fileRef = B2CD276D234D18450016AA02 /* AgendaDayListViewModel.swift */; };
		B2CD4264235789B5009FE6B0 /* DataProvider.swift in Sources */ = {isa = PBXBuildFile; fileRef = B2CD4263235789B5009FE6B0 /* DataProvider.swift */; };
		B2CD426923578FBD009FE6B0 /* DocumentSnapshot+Decodable.swift in Sources */ = {isa = PBXBuildFile; fileRef = B2CD426823578FBD009FE6B0 /* DocumentSnapshot+Decodable.swift */; };
		B2CD426E2362281A009FE6B0 /* URLImage in Frameworks */ = {isa = PBXBuildFile; productRef = B2CD426D2362281A009FE6B0 /* URLImage */; };
		B2EF3CF523E89FC90078019F /* FeedbackRepository.swift in Sources */ = {isa = PBXBuildFile; fileRef = B2EF3CF423E89FC90078019F /* FeedbackRepository.swift */; };
		B2EF3CF923E8A4C30078019F /* TalkFeedbackViewModel.swift in Sources */ = {isa = PBXBuildFile; fileRef = B2EF3CF823E8A4C30078019F /* TalkFeedbackViewModel.swift */; };
		B2EF3CFB23E8A8020078019F /* TalkFeedbackView.swift in Sources */ = {isa = PBXBuildFile; fileRef = B2EF3CFA23E8A8020078019F /* TalkFeedbackView.swift */; };
		B2F270CA23DC7E2600FD6823 /* Localizable.strings in Resources */ = {isa = PBXBuildFile; fileRef = B2F270C823DC7E2600FD6823 /* Localizable.strings */; };
		B2F270DB23DC869300FD6823 /* .swiftlint.yml in Resources */ = {isa = PBXBuildFile; fileRef = B2F270DA23DC869300FD6823 /* .swiftlint.yml */; };
		B2F270DE23DC944800FD6823 /* Assets.swift in Sources */ = {isa = PBXBuildFile; fileRef = B2F270DD23DC944800FD6823 /* Assets.swift */; };
		B2FE9FCF24548CB3005FE370 /* RoomData.swift in Sources */ = {isa = PBXBuildFile; fileRef = B2FE9FCE24548CB3005FE370 /* RoomData.swift */; };
		B2FE9FD124548CD3005FE370 /* RoomsProvider.swift in Sources */ = {isa = PBXBuildFile; fileRef = B2FE9FD024548CD3005FE370 /* RoomsProvider.swift */; };
		B2FE9FD324548D52005FE370 /* JsonRoomsProvider.swift in Sources */ = {isa = PBXBuildFile; fileRef = B2FE9FD224548D52005FE370 /* JsonRoomsProvider.swift */; };
		B2FE9FE9245493F3005FE370 /* FirebaseDescriptor.swift in Sources */ = {isa = PBXBuildFile; fileRef = B2FE9FE8245493F3005FE370 /* FirebaseDescriptor.swift */; };
/* End PBXBuildFile section */

/* Begin PBXFileReference section */
		33CD20B328087FE7005084EF /* Base */ = {isa = PBXFileReference; lastKnownFileType = file.storyboard; name = Base; path = Base.lproj/LaunchScreen.storyboard; sourceTree = "<group>"; };
		4538D0B829CA2DB600BB94DB /* GraphQLData.graphql.swift */ = {isa = PBXFileReference; fileEncoding = 4; lastKnownFileType = sourcecode.swift; path = GraphQLData.graphql.swift; sourceTree = "<group>"; };
		4538D0BB29CA2DB600BB94DB /* GetTalksQuery.graphql.swift */ = {isa = PBXFileReference; fileEncoding = 4; lastKnownFileType = sourcecode.swift; path = GetTalksQuery.graphql.swift; sourceTree = "<group>"; };
		4538D0C029CA2DB600BB94DB /* Instant.swift */ = {isa = PBXFileReference; fileEncoding = 4; lastKnownFileType = sourcecode.swift; path = Instant.swift; sourceTree = "<group>"; };
		4538D0C129CA2DB600BB94DB /* LocalDate.swift */ = {isa = PBXFileReference; fileEncoding = 4; lastKnownFileType = sourcecode.swift; path = LocalDate.swift; sourceTree = "<group>"; };
		4538D0C229CA2DB600BB94DB /* LocalDateTime.swift */ = {isa = PBXFileReference; fileEncoding = 4; lastKnownFileType = sourcecode.swift; path = LocalDateTime.swift; sourceTree = "<group>"; };
		4538D0C629CA2DB600BB94DB /* Query.graphql.swift */ = {isa = PBXFileReference; fileEncoding = 4; lastKnownFileType = sourcecode.swift; path = Query.graphql.swift; sourceTree = "<group>"; };
		4538D0C829CA2DB600BB94DB /* SessionConnection.graphql.swift */ = {isa = PBXFileReference; fileEncoding = 4; lastKnownFileType = sourcecode.swift; path = SessionConnection.graphql.swift; sourceTree = "<group>"; };
		4538D0C929CA2DB600BB94DB /* Speaker.graphql.swift */ = {isa = PBXFileReference; fileEncoding = 4; lastKnownFileType = sourcecode.swift; path = Speaker.graphql.swift; sourceTree = "<group>"; };
		4538D0CA29CA2DB600BB94DB /* Session.graphql.swift */ = {isa = PBXFileReference; fileEncoding = 4; lastKnownFileType = sourcecode.swift; path = Session.graphql.swift; sourceTree = "<group>"; };
		4538D0CB29CA2DB600BB94DB /* Room.graphql.swift */ = {isa = PBXFileReference; fileEncoding = 4; lastKnownFileType = sourcecode.swift; path = Room.graphql.swift; sourceTree = "<group>"; };
		4538D0CC29CA2DB600BB94DB /* SchemaConfiguration.swift */ = {isa = PBXFileReference; fileEncoding = 4; lastKnownFileType = sourcecode.swift; path = SchemaConfiguration.swift; sourceTree = "<group>"; };
		4538D0CD29CA2DB600BB94DB /* SchemaMetadata.graphql.swift */ = {isa = PBXFileReference; fileEncoding = 4; lastKnownFileType = sourcecode.swift; path = SchemaMetadata.graphql.swift; sourceTree = "<group>"; };
		4567FB1129D9D04F00724187 /* View+Utils.swift */ = {isa = PBXFileReference; lastKnownFileType = sourcecode.swift; path = "View+Utils.swift"; sourceTree = "<group>"; };
		4567FB1629D9E08000724187 /* AgendaListView.swift */ = {isa = PBXFileReference; lastKnownFileType = sourcecode.swift; path = AgendaListView.swift; sourceTree = "<group>"; };
		4567FB1A29D9E13100724187 /* AgendaRoomListView.swift */ = {isa = PBXFileReference; lastKnownFileType = sourcecode.swift; path = AgendaRoomListView.swift; sourceTree = "<group>"; };
		4595145A29C0F56E003F7B4F /* schema.graphqls */ = {isa = PBXFileReference; fileEncoding = 4; lastKnownFileType = text; path = schema.graphqls; sourceTree = "<group>"; };
		4595145B29C0F56E003F7B4F /* queries.graphql */ = {isa = PBXFileReference; fileEncoding = 4; lastKnownFileType = text; path = queries.graphql; sourceTree = "<group>"; };
		45DAAD7629E4867B0085977B /* AgendaRoomListViewModel.swift */ = {isa = PBXFileReference; lastKnownFileType = sourcecode.swift; path = AgendaRoomListViewModel.swift; sourceTree = "<group>"; };
		45EC5A9D29C254A500ABBB7F /* GraphQLTalksProvider.swift */ = {isa = PBXFileReference; fileEncoding = 4; lastKnownFileType = sourcecode.swift; path = GraphQLTalksProvider.swift; sourceTree = "<group>"; };
		45EC5AC129C26DCE00ABBB7F /* GraphQLDataProvider.swift */ = {isa = PBXFileReference; lastKnownFileType = sourcecode.swift; path = GraphQLDataProvider.swift; sourceTree = "<group>"; };
		45EC5AC329C2701400ABBB7F /* SessionData.swift */ = {isa = PBXFileReference; lastKnownFileType = sourcecode.swift; path = SessionData.swift; sourceTree = "<group>"; };
		6418BE5C2BA1EC8900F3EA79 /* GoogleService-Info.plist */ = {isa = PBXFileReference; fileEncoding = 4; lastKnownFileType = text.plist.xml; name = "GoogleService-Info.plist"; path = "../../../../Downloads/GoogleService-Info.plist"; sourceTree = "<group>"; };
		6440520A2B892F0200F87201 /* ResourcesUtils.swift */ = {isa = PBXFileReference; lastKnownFileType = sourcecode.swift; path = ResourcesUtils.swift; sourceTree = "<group>"; };
		647899312B90937800887B74 /* Speaker.swift */ = {isa = PBXFileReference; lastKnownFileType = sourcecode.swift; path = Speaker.swift; sourceTree = "<group>"; };
		647899332B9093A000887B74 /* Session.swift */ = {isa = PBXFileReference; lastKnownFileType = sourcecode.swift; path = Session.swift; sourceTree = "<group>"; };
		647899352B9093C000887B74 /* Room.swift */ = {isa = PBXFileReference; lastKnownFileType = sourcecode.swift; path = Room.swift; sourceTree = "<group>"; };
		6478993E2B92196100887B74 /* AfterPartyVenueViewModel.swift */ = {isa = PBXFileReference; lastKnownFileType = sourcecode.swift; path = AfterPartyVenueViewModel.swift; sourceTree = "<group>"; };
		647899402B9219FA00887B74 /* ConferenceVenueViewModel.swift */ = {isa = PBXFileReference; lastKnownFileType = sourcecode.swift; path = ConferenceVenueViewModel.swift; sourceTree = "<group>"; };
		B207015D2353324400F8E2AF /* AgendaDetailView.swift */ = {isa = PBXFileReference; lastKnownFileType = sourcecode.swift; path = AgendaDetailView.swift; sourceTree = "<group>"; };
		B207015F2353372800F8E2AF /* AgendaDetailViewModel.swift */ = {isa = PBXFileReference; fileEncoding = 4; lastKnownFileType = sourcecode.swift; path = AgendaDetailViewModel.swift; sourceTree = "<group>"; };
		B225422023FB27FE00C5A83E /* TimeProvider.swift */ = {isa = PBXFileReference; lastKnownFileType = sourcecode.swift; path = TimeProvider.swift; sourceTree = "<group>"; };
		B258187823C23E7800E1B0F0 /* AboutViewModel.swift */ = {isa = PBXFileReference; lastKnownFileType = sourcecode.swift; path = AboutViewModel.swift; sourceTree = "<group>"; };
		B265B04123F02D3800EA363D /* FirestoreOpenFeedbackSynchronizer.swift */ = {isa = PBXFileReference; lastKnownFileType = sourcecode.swift; path = FirestoreOpenFeedbackSynchronizer.swift; sourceTree = "<group>"; };
		B265B04323F05CFE00EA363D /* Timestamp+Codable.swift */ = {isa = PBXFileReference; lastKnownFileType = sourcecode.swift; path = "Timestamp+Codable.swift"; sourceTree = "<group>"; };
		B265B04823F1ECA200EA363D /* TalkFeedback.swift */ = {isa = PBXFileReference; lastKnownFileType = sourcecode.swift; path = TalkFeedback.swift; sourceTree = "<group>"; };
		B265B04A23F32A8700EA363D /* AgendaFeedbackChoiceView.swift */ = {isa = PBXFileReference; lastKnownFileType = sourcecode.swift; path = AgendaFeedbackChoiceView.swift; sourceTree = "<group>"; };
		B265B04C23F47E1C00EA363D /* AgendaFeedbackChoiceViewModel.swift */ = {isa = PBXFileReference; lastKnownFileType = sourcecode.swift; path = AgendaFeedbackChoiceViewModel.swift; sourceTree = "<group>"; };
		B268A96A243E445800412523 /* FirestoreRoomsProvider.swift */ = {isa = PBXFileReference; fileEncoding = 4; lastKnownFileType = sourcecode.swift; path = FirestoreRoomsProvider.swift; sourceTree = "<group>"; };
		B268A96D24431E7500412523 /* WebButton.swift */ = {isa = PBXFileReference; lastKnownFileType = sourcecode.swift; path = WebButton.swift; sourceTree = "<group>"; };
		B26E853523D49187006C2C9E /* NSAttributedString+HTML.swift */ = {isa = PBXFileReference; lastKnownFileType = sourcecode.swift; path = "NSAttributedString+HTML.swift"; sourceTree = "<group>"; };
		B26E853723D49242006C2C9E /* AttributedTextView.swift */ = {isa = PBXFileReference; lastKnownFileType = sourcecode.swift; path = AttributedTextView.swift; sourceTree = "<group>"; };
		B27CC3DC24549D0A0055D36B /* OpenFeedbackSynchronizer.swift */ = {isa = PBXFileReference; lastKnownFileType = sourcecode.swift; path = OpenFeedbackSynchronizer.swift; sourceTree = "<group>"; };
		B27CC3DE24549E1B0055D36B /* VoteData.swift */ = {isa = PBXFileReference; lastKnownFileType = sourcecode.swift; path = VoteData.swift; sourceTree = "<group>"; };
		B27CC3E02454A2930055D36B /* JsonOpenFeedbackSynchronizer.swift */ = {isa = PBXFileReference; fileEncoding = 4; lastKnownFileType = sourcecode.swift; path = JsonOpenFeedbackSynchronizer.swift; sourceTree = "<group>"; };
		B27CC3E22454A9450055D36B /* vote_configuration.json */ = {isa = PBXFileReference; fileEncoding = 4; lastKnownFileType = text.json; path = vote_configuration.json; sourceTree = "<group>"; };
		B29CC7032427A01200FB7EF3 /* AndroidMakers.entitlements */ = {isa = PBXFileReference; lastKnownFileType = text.plist.entitlements; path = AndroidMakers.entitlements; sourceTree = "<group>"; };
		B2A0669223521AC00062383A /* Language+UI.swift */ = {isa = PBXFileReference; lastKnownFileType = sourcecode.swift; path = "Language+UI.swift"; sourceTree = "<group>"; };
		B2BC0B7D23B90B6C00C85F69 /* LocationListView.swift */ = {isa = PBXFileReference; lastKnownFileType = sourcecode.swift; path = LocationListView.swift; sourceTree = "<group>"; };
		B2BC0B7F23B90DE100C85F69 /* LocationVenueView.swift */ = {isa = PBXFileReference; lastKnownFileType = sourcecode.swift; path = LocationVenueView.swift; sourceTree = "<group>"; };
		B2BC0B8123B91C5B00C85F69 /* LocationVenueViewModel.swift */ = {isa = PBXFileReference; lastKnownFileType = sourcecode.swift; path = LocationVenueViewModel.swift; sourceTree = "<group>"; };
		B2BC0B8323B91D2100C85F69 /* Model.swift */ = {isa = PBXFileReference; lastKnownFileType = sourcecode.swift; path = Model.swift; sourceTree = "<group>"; };
		B2BC0B8723B933ED00C85F69 /* LocationPlanView.swift */ = {isa = PBXFileReference; lastKnownFileType = sourcecode.swift; path = LocationPlanView.swift; sourceTree = "<group>"; };
		B2BC0B8A23BB66EF00C85F69 /* AboutView.swift */ = {isa = PBXFileReference; lastKnownFileType = sourcecode.swift; path = AboutView.swift; sourceTree = "<group>"; };
		B2CD272B234D06530016AA02 /* RobotConf.app */ = {isa = PBXFileReference; explicitFileType = wrapper.application; includeInIndex = 0; path = RobotConf.app; sourceTree = BUILT_PRODUCTS_DIR; };
		B2CD272E234D06530016AA02 /* AppDelegate.swift */ = {isa = PBXFileReference; lastKnownFileType = sourcecode.swift; path = AppDelegate.swift; sourceTree = "<group>"; };
		B2CD2730234D06530016AA02 /* SceneDelegate.swift */ = {isa = PBXFileReference; lastKnownFileType = sourcecode.swift; path = SceneDelegate.swift; sourceTree = "<group>"; };
		B2CD2732234D06530016AA02 /* ContentView.swift */ = {isa = PBXFileReference; lastKnownFileType = sourcecode.swift; path = ContentView.swift; sourceTree = "<group>"; };
		B2CD2734234D06560016AA02 /* Assets.xcassets */ = {isa = PBXFileReference; lastKnownFileType = folder.assetcatalog; path = Assets.xcassets; sourceTree = "<group>"; };
		B2CD2737234D06560016AA02 /* Preview Assets.xcassets */ = {isa = PBXFileReference; lastKnownFileType = folder.assetcatalog; path = "Preview Assets.xcassets"; sourceTree = "<group>"; };
		B2CD273C234D06560016AA02 /* Info.plist */ = {isa = PBXFileReference; lastKnownFileType = text.plist.xml; path = Info.plist; sourceTree = "<group>"; };
		B2CD275E234D079B0016AA02 /* AgendaDayListView.swift */ = {isa = PBXFileReference; lastKnownFileType = sourcecode.swift; path = AgendaDayListView.swift; sourceTree = "<group>"; };
		B2CD2762234D08820016AA02 /* AgendaCellView.swift */ = {isa = PBXFileReference; lastKnownFileType = sourcecode.swift; path = AgendaCellView.swift; sourceTree = "<group>"; };
		B2CD2767234D12500016AA02 /* SessionRepository.swift */ = {isa = PBXFileReference; lastKnownFileType = sourcecode.swift; path = SessionRepository.swift; sourceTree = "<group>"; };
		B2CD276B234D13380016AA02 /* Language.swift */ = {isa = PBXFileReference; lastKnownFileType = sourcecode.swift; path = Language.swift; sourceTree = "<group>"; };
		B2CD276D234D18450016AA02 /* AgendaDayListViewModel.swift */ = {isa = PBXFileReference; lastKnownFileType = sourcecode.swift; path = AgendaDayListViewModel.swift; sourceTree = "<group>"; };
		B2CD4263235789B5009FE6B0 /* DataProvider.swift */ = {isa = PBXFileReference; lastKnownFileType = sourcecode.swift; path = DataProvider.swift; sourceTree = "<group>"; };
		B2CD426823578FBD009FE6B0 /* DocumentSnapshot+Decodable.swift */ = {isa = PBXFileReference; lastKnownFileType = sourcecode.swift; path = "DocumentSnapshot+Decodable.swift"; sourceTree = "<group>"; };
		B2ECA77324151B6E00489874 /* OpenFeedback-Info.plist */ = {isa = PBXFileReference; fileEncoding = 4; lastKnownFileType = text.plist.xml; path = "OpenFeedback-Info.plist"; sourceTree = "<group>"; };
		B2EF3CF423E89FC90078019F /* FeedbackRepository.swift */ = {isa = PBXFileReference; lastKnownFileType = sourcecode.swift; path = FeedbackRepository.swift; sourceTree = "<group>"; };
		B2EF3CF823E8A4C30078019F /* TalkFeedbackViewModel.swift */ = {isa = PBXFileReference; lastKnownFileType = sourcecode.swift; path = TalkFeedbackViewModel.swift; sourceTree = "<group>"; };
		B2EF3CFA23E8A8020078019F /* TalkFeedbackView.swift */ = {isa = PBXFileReference; lastKnownFileType = sourcecode.swift; path = TalkFeedbackView.swift; sourceTree = "<group>"; };
		B2F270CC23DC7E9200FD6823 /* fr */ = {isa = PBXFileReference; lastKnownFileType = text.plist.strings; name = fr; path = fr.lproj/Localizable.strings; sourceTree = "<group>"; };
		B2F270CD23DC7EBC00FD6823 /* en */ = {isa = PBXFileReference; lastKnownFileType = text.plist.strings; name = en; path = en.lproj/Localizable.strings; sourceTree = "<group>"; };
		B2F270DA23DC869300FD6823 /* .swiftlint.yml */ = {isa = PBXFileReference; fileEncoding = 4; lastKnownFileType = text.yaml; path = .swiftlint.yml; sourceTree = "<group>"; };
		B2F270DD23DC944800FD6823 /* Assets.swift */ = {isa = PBXFileReference; fileEncoding = 4; lastKnownFileType = sourcecode.swift; path = Assets.swift; sourceTree = "<group>"; };
		B2FE9FC02454733E005FE370 /* sessions.json */ = {isa = PBXFileReference; fileEncoding = 4; lastKnownFileType = text.json; path = sessions.json; sourceTree = "<group>"; };
		B2FE9FCE24548CB3005FE370 /* RoomData.swift */ = {isa = PBXFileReference; lastKnownFileType = sourcecode.swift; path = RoomData.swift; sourceTree = "<group>"; };
		B2FE9FD024548CD3005FE370 /* RoomsProvider.swift */ = {isa = PBXFileReference; fileEncoding = 4; lastKnownFileType = sourcecode.swift; path = RoomsProvider.swift; sourceTree = "<group>"; };
		B2FE9FD224548D52005FE370 /* JsonRoomsProvider.swift */ = {isa = PBXFileReference; fileEncoding = 4; lastKnownFileType = sourcecode.swift; path = JsonRoomsProvider.swift; sourceTree = "<group>"; };
		B2FE9FD424548E41005FE370 /* schedule-app.json */ = {isa = PBXFileReference; fileEncoding = 4; lastKnownFileType = text.json; path = "schedule-app.json"; sourceTree = "<group>"; };
		B2FE9FD524548E41005FE370 /* speakers.json */ = {isa = PBXFileReference; fileEncoding = 4; lastKnownFileType = text.json; path = speakers.json; sourceTree = "<group>"; };
		B2FE9FE424549377005FE370 /* partners.json */ = {isa = PBXFileReference; fileEncoding = 4; lastKnownFileType = text.json; path = partners.json; sourceTree = "<group>"; };
		B2FE9FE524549378005FE370 /* venues.json */ = {isa = PBXFileReference; fileEncoding = 4; lastKnownFileType = text.json; path = venues.json; sourceTree = "<group>"; };
		B2FE9FE8245493F3005FE370 /* FirebaseDescriptor.swift */ = {isa = PBXFileReference; lastKnownFileType = sourcecode.swift; path = FirebaseDescriptor.swift; sourceTree = "<group>"; };
/* End PBXFileReference section */

/* Begin PBXFrameworksBuildPhase section */
		B2CD2728234D06530016AA02 /* Frameworks */ = {
			isa = PBXFrameworksBuildPhase;
			buildActionMask = 2147483647;
			files = (
				B2CD426E2362281A009FE6B0 /* URLImage in Frameworks */,
				B26E853B23D49D8B006C2C9E /* SwiftRichString in Frameworks */,
				33243ED027FA154700ECBA97 /* FirebaseCrashlytics in Frameworks */,
				B265B04723F0691400EA363D /* CodableFirebase in Frameworks */,
				45DAAD7A29E49D430085977B /* Apollo in Frameworks */,
				33243ED427FA168800ECBA97 /* FirebaseAnalyticsWithoutAdIdSupport in Frameworks */,
				45DAAD7C29E49D430085977B /* ApolloSQLite in Frameworks */,
				33243ED227FA154700ECBA97 /* FirebaseFirestore in Frameworks */,
				33243ED627FA171400ECBA97 /* FirebaseAuth in Frameworks */,
			);
			runOnlyForDeploymentPostprocessing = 0;
		};
/* End PBXFrameworksBuildPhase section */

/* Begin PBXGroup section */
		4538D0B729CA2DB600BB94DB /* Generated */ = {
			isa = PBXGroup;
			children = (
				4538D0B829CA2DB600BB94DB /* GraphQLData.graphql.swift */,
				4538D0B929CA2DB600BB94DB /* Operations */,
				4538D0BE29CA2DB600BB94DB /* Schema */,
			);
			path = Generated;
			sourceTree = "<group>";
		};
		4538D0B929CA2DB600BB94DB /* Operations */ = {
			isa = PBXGroup;
			children = (
				4538D0BA29CA2DB600BB94DB /* Queries */,
			);
			path = Operations;
			sourceTree = "<group>";
		};
		4538D0BA29CA2DB600BB94DB /* Queries */ = {
			isa = PBXGroup;
			children = (
				4538D0BB29CA2DB600BB94DB /* GetTalksQuery.graphql.swift */,
			);
			path = Queries;
			sourceTree = "<group>";
		};
		4538D0BE29CA2DB600BB94DB /* Schema */ = {
			isa = PBXGroup;
			children = (
				4538D0BF29CA2DB600BB94DB /* CustomScalars */,
				4538D0C329CA2DB600BB94DB /* Objects */,
				4538D0CC29CA2DB600BB94DB /* SchemaConfiguration.swift */,
				4538D0CD29CA2DB600BB94DB /* SchemaMetadata.graphql.swift */,
			);
			path = Schema;
			sourceTree = "<group>";
		};
		4538D0BF29CA2DB600BB94DB /* CustomScalars */ = {
			isa = PBXGroup;
			children = (
				4538D0C029CA2DB600BB94DB /* Instant.swift */,
				4538D0C129CA2DB600BB94DB /* LocalDate.swift */,
				4538D0C229CA2DB600BB94DB /* LocalDateTime.swift */,
			);
			path = CustomScalars;
			sourceTree = "<group>";
		};
		4538D0C329CA2DB600BB94DB /* Objects */ = {
			isa = PBXGroup;
			children = (
				4538D0C629CA2DB600BB94DB /* Query.graphql.swift */,
				4538D0C829CA2DB600BB94DB /* SessionConnection.graphql.swift */,
				4538D0C929CA2DB600BB94DB /* Speaker.graphql.swift */,
				4538D0CA29CA2DB600BB94DB /* Session.graphql.swift */,
				4538D0CB29CA2DB600BB94DB /* Room.graphql.swift */,
			);
			path = Objects;
			sourceTree = "<group>";
		};
		4567FB1829D9E0DB00724187 /* ByDay */ = {
			isa = PBXGroup;
			children = (
				B2CD275E234D079B0016AA02 /* AgendaDayListView.swift */,
				B2CD276D234D18450016AA02 /* AgendaDayListViewModel.swift */,
				B2CD2762234D08820016AA02 /* AgendaCellView.swift */,
			);
			path = ByDay;
			sourceTree = "<group>";
		};
		4567FB1929D9E10600724187 /* ByRoom */ = {
			isa = PBXGroup;
			children = (
				4567FB1A29D9E13100724187 /* AgendaRoomListView.swift */,
				45DAAD7629E4867B0085977B /* AgendaRoomListViewModel.swift */,
			);
			path = ByRoom;
			sourceTree = "<group>";
		};
		4595145929C0F56E003F7B4F /* GraphQL */ = {
			isa = PBXGroup;
			children = (
				45EC5AC129C26DCE00ABBB7F /* GraphQLDataProvider.swift */,
				45EC5A9D29C254A500ABBB7F /* GraphQLTalksProvider.swift */,
				4538D0B729CA2DB600BB94DB /* Generated */,
				4595145A29C0F56E003F7B4F /* schema.graphqls */,
				4595145B29C0F56E003F7B4F /* queries.graphql */,
			);
			path = GraphQL;
			sourceTree = "<group>";
		};
		B225421E23FB22C200C5A83E /* Feedback */ = {
			isa = PBXGroup;
			children = (
				B2EF3CF823E8A4C30078019F /* TalkFeedbackViewModel.swift */,
				B2EF3CFA23E8A8020078019F /* TalkFeedbackView.swift */,
				B265B04A23F32A8700EA363D /* AgendaFeedbackChoiceView.swift */,
				B265B04C23F47E1C00EA363D /* AgendaFeedbackChoiceViewModel.swift */,
			);
			path = Feedback;
			sourceTree = "<group>";
		};
		B225421F23FB27ED00C5A83E /* Utils */ = {
			isa = PBXGroup;
			children = (
				B225422023FB27FE00C5A83E /* TimeProvider.swift */,
				4567FB1129D9D04F00724187 /* View+Utils.swift */,
				6440520A2B892F0200F87201 /* ResourcesUtils.swift */,
			);
			path = Utils;
			sourceTree = "<group>";
		};
		B268A96C24431E5300412523 /* Common */ = {
			isa = PBXGroup;
			children = (
				B268A96D24431E7500412523 /* WebButton.swift */,
			);
			path = Common;
			sourceTree = "<group>";
		};
		B26E853423D4913C006C2C9E /* FormattedText */ = {
			isa = PBXGroup;
			children = (
				B26E853523D49187006C2C9E /* NSAttributedString+HTML.swift */,
				B26E853723D49242006C2C9E /* AttributedTextView.swift */,
			);
			path = FormattedText;
			sourceTree = "<group>";
		};
		B2BC0B7C23B90B3500C85F69 /* Location */ = {
			isa = PBXGroup;
			children = (
				B2BC0B7D23B90B6C00C85F69 /* LocationListView.swift */,
				B2BC0B7F23B90DE100C85F69 /* LocationVenueView.swift */,
				B2BC0B8123B91C5B00C85F69 /* LocationVenueViewModel.swift */,
				B2BC0B8723B933ED00C85F69 /* LocationPlanView.swift */,
				6478993E2B92196100887B74 /* AfterPartyVenueViewModel.swift */,
				647899402B9219FA00887B74 /* ConferenceVenueViewModel.swift */,
			);
			path = Location;
			sourceTree = "<group>";
		};
		B2BC0B8923BB66D000C85F69 /* About */ = {
			isa = PBXGroup;
			children = (
				B2BC0B8A23BB66EF00C85F69 /* AboutView.swift */,
				B258187823C23E7800E1B0F0 /* AboutViewModel.swift */,
			);
			path = About;
			sourceTree = "<group>";
		};
		B2CD2722234D06530016AA02 = {
			isa = PBXGroup;
			children = (
				B2CD272D234D06530016AA02 /* RobotConf */,
				B2CD272C234D06530016AA02 /* Products */,
			);
			sourceTree = "<group>";
		};
		B2CD272C234D06530016AA02 /* Products */ = {
			isa = PBXGroup;
			children = (
				B2CD272B234D06530016AA02 /* RobotConf.app */,
			);
			name = Products;
			sourceTree = "<group>";
		};
		B2CD272D234D06530016AA02 /* RobotConf */ = {
			isa = PBXGroup;
			children = (
				B29CC7032427A01200FB7EF3 /* AndroidMakers.entitlements */,
				B2CD272E234D06530016AA02 /* AppDelegate.swift */,
				B2CD2730234D06530016AA02 /* SceneDelegate.swift */,
				B2CD2760234D08400016AA02 /* UI */,
				B2CD2764234D11460016AA02 /* Model */,
				B2F270D223DC816B00FD6823 /* SwiftGen */,
				B2F270DA23DC869300FD6823 /* .swiftlint.yml */,
				B2CD273C234D06560016AA02 /* Info.plist */,
				B2ECA77324151B6E00489874 /* OpenFeedback-Info.plist */,
				6418BE5C2BA1EC8900F3EA79 /* GoogleService-Info.plist */,
				B2CD2736234D06560016AA02 /* Preview Content */,
			);
			path = RobotConf;
			sourceTree = "<group>";
		};
		B2CD2736234D06560016AA02 /* Preview Content */ = {
			isa = PBXGroup;
			children = (
				B2CD2737234D06560016AA02 /* Preview Assets.xcassets */,
			);
			path = "Preview Content";
			sourceTree = "<group>";
		};
		B2CD2760234D08400016AA02 /* UI */ = {
			isa = PBXGroup;
			children = (
				B2CD2732234D06530016AA02 /* ContentView.swift */,
				B2CD2761234D08530016AA02 /* Agenda */,
				B2BC0B7C23B90B3500C85F69 /* Location */,
				B2BC0B8923BB66D000C85F69 /* About */,
				B26E853423D4913C006C2C9E /* FormattedText */,
				B268A96C24431E5300412523 /* Common */,
				B225421F23FB27ED00C5A83E /* Utils */,
				B2A0669223521AC00062383A /* Language+UI.swift */,
				B2F270BF23DC7B7200FD6823 /* Resources */,
			);
			path = UI;
			sourceTree = "<group>";
		};
		B2CD2761234D08530016AA02 /* Agenda */ = {
			isa = PBXGroup;
			children = (
				4567FB1629D9E08000724187 /* AgendaListView.swift */,
				4567FB1829D9E0DB00724187 /* ByDay */,
				4567FB1929D9E10600724187 /* ByRoom */,
				B207015F2353372800F8E2AF /* AgendaDetailViewModel.swift */,
				B207015D2353324400F8E2AF /* AgendaDetailView.swift */,
				B225421E23FB22C200C5A83E /* Feedback */,
			);
			path = Agenda;
			sourceTree = "<group>";
		};
		B2CD2764234D11460016AA02 /* Model */ = {
			isa = PBXGroup;
			children = (
				B2BC0B8323B91D2100C85F69 /* Model.swift */,
				B2CD2767234D12500016AA02 /* SessionRepository.swift */,
				B2EF3CF423E89FC90078019F /* FeedbackRepository.swift */,
				B2CD276B234D13380016AA02 /* Language.swift */,
				B265B04823F1ECA200EA363D /* TalkFeedback.swift */,
				B2FE9FB524546EE2005FE370 /* Data */,
				647899312B90937800887B74 /* Speaker.swift */,
				647899332B9093A000887B74 /* Session.swift */,
				647899352B9093C000887B74 /* Room.swift */,
			);
			path = Model;
			sourceTree = "<group>";
		};
		B2F270BF23DC7B7200FD6823 /* Resources */ = {
			isa = PBXGroup;
			children = (
				B2CD2739234D06560016AA02 /* LaunchScreen.storyboard */,
				B2CD2734234D06560016AA02 /* Assets.xcassets */,
				B2F270C823DC7E2600FD6823 /* Localizable.strings */,
			);
			path = Resources;
			sourceTree = "<group>";
		};
		B2F270D223DC816B00FD6823 /* SwiftGen */ = {
			isa = PBXGroup;
			children = (
				B2F270DD23DC944800FD6823 /* Assets.swift */,
			);
			path = SwiftGen;
			sourceTree = "<group>";
		};
		B2FE9FB524546EE2005FE370 /* Data */ = {
			isa = PBXGroup;
			children = (
				B2CD4263235789B5009FE6B0 /* DataProvider.swift */,
				45EC5AC329C2701400ABBB7F /* SessionData.swift */,
				B2FE9FCE24548CB3005FE370 /* RoomData.swift */,
				B27CC3DE24549E1B0055D36B /* VoteData.swift */,
				B2FE9FB824546F88005FE370 /* Providers */,
			);
			path = Data;
			sourceTree = "<group>";
		};
		B2FE9FB624546F4B005FE370 /* Firestore */ = {
			isa = PBXGroup;
			children = (
				B268A96A243E445800412523 /* FirestoreRoomsProvider.swift */,
				B265B04123F02D3800EA363D /* FirestoreOpenFeedbackSynchronizer.swift */,
				B2CD426823578FBD009FE6B0 /* DocumentSnapshot+Decodable.swift */,
				B265B04323F05CFE00EA363D /* Timestamp+Codable.swift */,
				B2FE9FE8245493F3005FE370 /* FirebaseDescriptor.swift */,
			);
			path = Firestore;
			sourceTree = "<group>";
		};
		B2FE9FB724546F56005FE370 /* Json */ = {
			isa = PBXGroup;
			children = (
				B2FE9FD224548D52005FE370 /* JsonRoomsProvider.swift */,
				B27CC3E02454A2930055D36B /* JsonOpenFeedbackSynchronizer.swift */,
				B2FE9FBF2454733E005FE370 /* Resources */,
			);
			path = Json;
			sourceTree = "<group>";
		};
		B2FE9FB824546F88005FE370 /* Providers */ = {
			isa = PBXGroup;
			children = (
				B2FE9FD024548CD3005FE370 /* RoomsProvider.swift */,
				B27CC3DC24549D0A0055D36B /* OpenFeedbackSynchronizer.swift */,
				B2FE9FB724546F56005FE370 /* Json */,
				B2FE9FB624546F4B005FE370 /* Firestore */,
				4595145929C0F56E003F7B4F /* GraphQL */,
			);
			path = Providers;
			sourceTree = "<group>";
		};
		B2FE9FBF2454733E005FE370 /* Resources */ = {
			isa = PBXGroup;
			children = (
				B27CC3E22454A9450055D36B /* vote_configuration.json */,
				B2FE9FE424549377005FE370 /* partners.json */,
				B2FE9FE524549378005FE370 /* venues.json */,
				B2FE9FD424548E41005FE370 /* schedule-app.json */,
				B2FE9FD524548E41005FE370 /* speakers.json */,
				B2FE9FC02454733E005FE370 /* sessions.json */,
			);
			path = Resources;
			sourceTree = "<group>";
		};
/* End PBXGroup section */

/* Begin PBXNativeTarget section */
		B2CD272A234D06530016AA02 /* RobotConf */ = {
			isa = PBXNativeTarget;
			buildConfigurationList = B2CD2755234D06560016AA02 /* Build configuration list for PBXNativeTarget "RobotConf" */;
			buildPhases = (
				64F2D2762B878156005B9EAF /* 🏗️ Compile and embedded shared code */,
				B2CD2727234D06530016AA02 /* Sources */,
				B2CD2728234D06530016AA02 /* Frameworks */,
				B2CD2729234D06530016AA02 /* Resources */,
				B27CC3E5245594DF0055D36B /* Copy json files in debug */,
				B27CC3E82455ADD40055D36B /* Copy Firebase plist files */,
				644052092B8922D300F87201 /* 🎨 Generate Moko Resources */,
			);
			buildRules = (
			);
			dependencies = (
			);
			name = RobotConf;
			packageProductDependencies = (
				B2CD426D2362281A009FE6B0 /* URLImage */,
				B26E853A23D49D8B006C2C9E /* SwiftRichString */,
				B265B04623F0691400EA363D /* CodableFirebase */,
				33243ECF27FA154700ECBA97 /* FirebaseCrashlytics */,
				33243ED127FA154700ECBA97 /* FirebaseFirestore */,
				33243ED327FA168800ECBA97 /* FirebaseAnalyticsWithoutAdIdSupport */,
				33243ED527FA171400ECBA97 /* FirebaseAuth */,
				45DAAD7929E49D430085977B /* Apollo */,
				45DAAD7B29E49D430085977B /* ApolloSQLite */,
			);
			productName = RobotConf;
			productReference = B2CD272B234D06530016AA02 /* RobotConf.app */;
			productType = "com.apple.product-type.application";
		};
/* End PBXNativeTarget section */

/* Begin PBXProject section */
		B2CD2723234D06530016AA02 /* Project object */ = {
			isa = PBXProject;
			attributes = {
				LastSwiftUpdateCheck = 1100;
				LastUpgradeCheck = 1330;
				ORGANIZATIONNAME = "Djavan Bertrand";
				TargetAttributes = {
					B2CD272A234D06530016AA02 = {
						CreatedOnToolsVersion = 11.0;
					};
				};
			};
			buildConfigurationList = B2CD2726234D06530016AA02 /* Build configuration list for PBXProject "RobotConf" */;
			compatibilityVersion = "Xcode 9.3";
			developmentRegion = en;
			hasScannedForEncodings = 0;
			knownRegions = (
				en,
				fr,
				Base,
			);
			mainGroup = B2CD2722234D06530016AA02;
			packageReferences = (
				B2CD426C2362281A009FE6B0 /* XCRemoteSwiftPackageReference "url-image" */,
				B26E853923D49D8B006C2C9E /* XCRemoteSwiftPackageReference "SwiftRichString" */,
				B265B04523F0691400EA363D /* XCRemoteSwiftPackageReference "CodableFirebase" */,
				33243ECE27FA154700ECBA97 /* XCRemoteSwiftPackageReference "firebase-ios-sdk" */,
				45DAAD7829E49D430085977B /* XCRemoteSwiftPackageReference "apollo-ios" */,
			);
			productRefGroup = B2CD272C234D06530016AA02 /* Products */;
			projectDirPath = "";
			projectRoot = "";
			targets = (
				B2CD272A234D06530016AA02 /* RobotConf */,
			);
		};
/* End PBXProject section */

/* Begin PBXResourcesBuildPhase section */
		B2CD2729234D06530016AA02 /* Resources */ = {
			isa = PBXResourcesBuildPhase;
			buildActionMask = 2147483647;
			files = (
				B2F270CA23DC7E2600FD6823 /* Localizable.strings in Resources */,
				B2CD273B234D06560016AA02 /* LaunchScreen.storyboard in Resources */,
				B2F270DB23DC869300FD6823 /* .swiftlint.yml in Resources */,
				B2CD2738234D06560016AA02 /* Preview Assets.xcassets in Resources */,
				B2CD2735234D06560016AA02 /* Assets.xcassets in Resources */,
				6418BE5D2BA1EC8900F3EA79 /* GoogleService-Info.plist in Resources */,
			);
			runOnlyForDeploymentPostprocessing = 0;
		};
/* End PBXResourcesBuildPhase section */

/* Begin PBXShellScriptBuildPhase section */
		644052092B8922D300F87201 /* 🎨 Generate Moko Resources */ = {
			isa = PBXShellScriptBuildPhase;
			buildActionMask = 2147483647;
			files = (
			);
			inputFileListPaths = (
			);
			inputPaths = (
			);
			name = "🎨 Generate Moko Resources";
			outputFileListPaths = (
			);
			outputPaths = (
			);
			runOnlyForDeploymentPostprocessing = 0;
			shellPath = /bin/sh;
			shellScript = "\"$SRCROOT/../gradlew\" -p \"$SRCROOT/../\" :shared:copyFrameworkResourcesToApp \\\n    -Pmoko.resources.PLATFORM=\"$PLATFORM_NAME\" \\\n    -Pmoko.resources.CONFIGURATION=\"$CONFIGURATION\" \\\n    -Pmoko.resources.ARCHS=\"$ARCHS\" \\\n    -Pmoko.resources.BUILT_PRODUCTS_DIR=\"$BUILT_PRODUCTS_DIR\" \\\n    -Pmoko.resources.CONTENTS_FOLDER_PATH=\"$CONTENTS_FOLDER_PATH\" \n";
		};
		64F2D2762B878156005B9EAF /* 🏗️ Compile and embedded shared code */ = {
			isa = PBXShellScriptBuildPhase;
			buildActionMask = 2147483647;
			files = (
			);
			inputFileListPaths = (
			);
			inputPaths = (
			);
			name = "🏗️ Compile and embedded shared code";
			outputFileListPaths = (
			);
			outputPaths = (
			);
			runOnlyForDeploymentPostprocessing = 0;
			shellPath = /bin/sh;
			shellScript = "cd \"$SRCROOT/..\"\n./gradlew :shared:embedAndSignAppleFrameworkForXcode\n";
		};
		B27CC3E5245594DF0055D36B /* Copy json files in debug */ = {
			isa = PBXShellScriptBuildPhase;
			buildActionMask = 2147483647;
			files = (
			);
			inputFileListPaths = (
			);
			inputPaths = (
				"$(SRCROOT)/RobotConf/Model/Data/Providers/Json/Resources/",
			);
			name = "Copy json files in debug";
			outputFileListPaths = (
			);
			outputPaths = (
			);
			runOnlyForDeploymentPostprocessing = 0;
			shellPath = /bin/sh;
			shellScript = "if [ \"${CONFIGURATION}\" == \"Debug\" ]; then\n    cp -r \"${SRCROOT}/RobotConf/Model/Data/Providers/Json/Resources/\" \"${BUILT_PRODUCTS_DIR}/${PRODUCT_NAME}.app\"\nfi\n";
		};
		B27CC3E82455ADD40055D36B /* Copy Firebase plist files */ = {
			isa = PBXShellScriptBuildPhase;
			buildActionMask = 2147483647;
			files = (
			);
			inputFileListPaths = (
			);
			inputPaths = (
			);
			name = "Copy Firebase plist files";
			outputFileListPaths = (
			);
			outputPaths = (
			);
			runOnlyForDeploymentPostprocessing = 0;
			shellPath = /bin/sh;
			shellScript = "MAIN_FIREBASE_FILE=\"${SRCROOT}/RobotConf/GoogleService-Info.plist\"\nOPENFEEDBACK_FIREBASE_FILE=\"${SRCROOT}/RobotConf/OpenFeedback-Info.plist\"\nif [ -f \"${MAIN_FIREBASE_FILE}\" ]; then\n    cp -r \"${MAIN_FIREBASE_FILE}\" \"${BUILT_PRODUCTS_DIR}/${PRODUCT_NAME}.app\"\nfi\n\nif [ -f \"${OPENFEEDBACK_FIREBASE_FILE}\" ]; then\n    cp -r \"${OPENFEEDBACK_FIREBASE_FILE}\" \"${BUILT_PRODUCTS_DIR}/${PRODUCT_NAME}.app\"\nfi\n";
		};
/* End PBXShellScriptBuildPhase section */

/* Begin PBXSourcesBuildPhase section */
		B2CD2727234D06530016AA02 /* Sources */ = {
			isa = PBXSourcesBuildPhase;
			buildActionMask = 2147483647;
			files = (
				B268A96E24431E7500412523 /* WebButton.swift in Sources */,
				B265B04923F1ECA200EA363D /* TalkFeedback.swift in Sources */,
				B2CD272F234D06530016AA02 /* AppDelegate.swift in Sources */,
				647899342B9093A000887B74 /* Session.swift in Sources */,
				B26E853823D49242006C2C9E /* AttributedTextView.swift in Sources */,
				4567FB1B29D9E13100724187 /* AgendaRoomListView.swift in Sources */,
				B268A96B243E445800412523 /* FirestoreRoomsProvider.swift in Sources */,
				B265B04D23F47E1D00EA363D /* AgendaFeedbackChoiceViewModel.swift in Sources */,
				B2CD2731234D06530016AA02 /* SceneDelegate.swift in Sources */,
				B2FE9FD124548CD3005FE370 /* RoomsProvider.swift in Sources */,
				B2CD2768234D12500016AA02 /* SessionRepository.swift in Sources */,
				B2CD426923578FBD009FE6B0 /* DocumentSnapshot+Decodable.swift in Sources */,
				B2F270DE23DC944800FD6823 /* Assets.swift in Sources */,
				4538D0D729CA2DB600BB94DB /* Query.graphql.swift in Sources */,
				B2CD276C234D13380016AA02 /* Language.swift in Sources */,
				B26E853623D49187006C2C9E /* NSAttributedString+HTML.swift in Sources */,
				4538D0D229CA2DB600BB94DB /* Instant.swift in Sources */,
				B2FE9FE9245493F3005FE370 /* FirebaseDescriptor.swift in Sources */,
				4538D0DE29CA2DB600BB94DB /* SchemaMetadata.graphql.swift in Sources */,
				B2BC0B8823B933ED00C85F69 /* LocationPlanView.swift in Sources */,
				B2FE9FD324548D52005FE370 /* JsonRoomsProvider.swift in Sources */,
				4538D0D429CA2DB600BB94DB /* LocalDateTime.swift in Sources */,
				45EC5AC229C26DCE00ABBB7F /* GraphQLDataProvider.swift in Sources */,
				B2BC0B8023B90DE100C85F69 /* LocationVenueView.swift in Sources */,
				4538D0DA29CA2DB600BB94DB /* Speaker.graphql.swift in Sources */,
				B2EF3CFB23E8A8020078019F /* TalkFeedbackView.swift in Sources */,
				647899362B9093C000887B74 /* Room.swift in Sources */,
				6440520B2B892F0200F87201 /* ResourcesUtils.swift in Sources */,
				4538D0DD29CA2DB600BB94DB /* SchemaConfiguration.swift in Sources */,
				B258187923C23E7800E1B0F0 /* AboutViewModel.swift in Sources */,
				B2A0669323521AC00062383A /* Language+UI.swift in Sources */,
				647899322B90937800887B74 /* Speaker.swift in Sources */,
				B225422123FB27FE00C5A83E /* TimeProvider.swift in Sources */,
				4538D0CF29CA2DB600BB94DB /* GetTalksQuery.graphql.swift in Sources */,
				45EC5A9E29C254A500ABBB7F /* GraphQLTalksProvider.swift in Sources */,
				B2FE9FCF24548CB3005FE370 /* RoomData.swift in Sources */,
				B2CD276E234D18450016AA02 /* AgendaDayListViewModel.swift in Sources */,
				B2EF3CF523E89FC90078019F /* FeedbackRepository.swift in Sources */,
				4567FB1729D9E08000724187 /* AgendaListView.swift in Sources */,
				B265B04223F02D3800EA363D /* FirestoreOpenFeedbackSynchronizer.swift in Sources */,
				647899412B9219FA00887B74 /* ConferenceVenueViewModel.swift in Sources */,
				B2BC0B8423B91D2100C85F69 /* Model.swift in Sources */,
				45DAAD7729E4867B0085977B /* AgendaRoomListViewModel.swift in Sources */,
				647899422B9471BA00887B74 /* AfterPartyVenueViewModel.swift in Sources */,
				B27CC3DF24549E1B0055D36B /* VoteData.swift in Sources */,
				4567FB1229D9D04F00724187 /* View+Utils.swift in Sources */,
				B207015E2353324400F8E2AF /* AgendaDetailView.swift in Sources */,
				4538D0D329CA2DB600BB94DB /* LocalDate.swift in Sources */,
				4538D0DC29CA2DB600BB94DB /* Room.graphql.swift in Sources */,
				B265B04423F05CFE00EA363D /* Timestamp+Codable.swift in Sources */,
				45EC5AC429C2701400ABBB7F /* SessionData.swift in Sources */,
				B265B04B23F32A8700EA363D /* AgendaFeedbackChoiceView.swift in Sources */,
				B27CC3E12454A2930055D36B /* JsonOpenFeedbackSynchronizer.swift in Sources */,
				4538D0DB29CA2DB600BB94DB /* Session.graphql.swift in Sources */,
				B2EF3CF923E8A4C30078019F /* TalkFeedbackViewModel.swift in Sources */,
				4538D0CE29CA2DB600BB94DB /* GraphQLData.graphql.swift in Sources */,
				B2CD2733234D06530016AA02 /* ContentView.swift in Sources */,
				B2CD2763234D08820016AA02 /* AgendaCellView.swift in Sources */,
				B2CD4264235789B5009FE6B0 /* DataProvider.swift in Sources */,
				B2CD275F234D079B0016AA02 /* AgendaDayListView.swift in Sources */,
				B20701602353372800F8E2AF /* AgendaDetailViewModel.swift in Sources */,
				B2BC0B8B23BB66EF00C85F69 /* AboutView.swift in Sources */,
				4538D0D929CA2DB600BB94DB /* SessionConnection.graphql.swift in Sources */,
				B2BC0B7E23B90B6C00C85F69 /* LocationListView.swift in Sources */,
				B2BC0B8223B91C5B00C85F69 /* LocationVenueViewModel.swift in Sources */,
				B27CC3DD24549D0A0055D36B /* OpenFeedbackSynchronizer.swift in Sources */,
			);
			runOnlyForDeploymentPostprocessing = 0;
		};
/* End PBXSourcesBuildPhase section */

/* Begin PBXVariantGroup section */
		B2CD2739234D06560016AA02 /* LaunchScreen.storyboard */ = {
			isa = PBXVariantGroup;
			children = (
				33CD20B328087FE7005084EF /* Base */,
			);
			name = LaunchScreen.storyboard;
			sourceTree = "<group>";
		};
		B2F270C823DC7E2600FD6823 /* Localizable.strings */ = {
			isa = PBXVariantGroup;
			children = (
				B2F270CC23DC7E9200FD6823 /* fr */,
				B2F270CD23DC7EBC00FD6823 /* en */,
			);
			name = Localizable.strings;
			sourceTree = "<group>";
		};
/* End PBXVariantGroup section */

/* Begin XCBuildConfiguration section */
		B2CD2753234D06560016AA02 /* Debug */ = {
			isa = XCBuildConfiguration;
			buildSettings = {
				ALWAYS_SEARCH_USER_PATHS = NO;
				CLANG_ANALYZER_LOCALIZABILITY_NONLOCALIZED = YES;
				CLANG_ANALYZER_NONNULL = YES;
				CLANG_ANALYZER_NUMBER_OBJECT_CONVERSION = YES_AGGRESSIVE;
				CLANG_CXX_LANGUAGE_STANDARD = "gnu++14";
				CLANG_CXX_LIBRARY = "libc++";
				CLANG_ENABLE_MODULES = YES;
				CLANG_ENABLE_OBJC_ARC = YES;
				CLANG_ENABLE_OBJC_WEAK = YES;
				CLANG_WARN_BLOCK_CAPTURE_AUTORELEASING = YES;
				CLANG_WARN_BOOL_CONVERSION = YES;
				CLANG_WARN_COMMA = YES;
				CLANG_WARN_CONSTANT_CONVERSION = YES;
				CLANG_WARN_DEPRECATED_OBJC_IMPLEMENTATIONS = YES;
				CLANG_WARN_DIRECT_OBJC_ISA_USAGE = YES_ERROR;
				CLANG_WARN_DOCUMENTATION_COMMENTS = YES;
				CLANG_WARN_EMPTY_BODY = YES;
				CLANG_WARN_ENUM_CONVERSION = YES;
				CLANG_WARN_INFINITE_RECURSION = YES;
				CLANG_WARN_INT_CONVERSION = YES;
				CLANG_WARN_NON_LITERAL_NULL_CONVERSION = YES;
				CLANG_WARN_OBJC_IMPLICIT_RETAIN_SELF = YES;
				CLANG_WARN_OBJC_LITERAL_CONVERSION = YES;
				CLANG_WARN_OBJC_ROOT_CLASS = YES_ERROR;
				CLANG_WARN_QUOTED_INCLUDE_IN_FRAMEWORK_HEADER = YES;
				CLANG_WARN_RANGE_LOOP_ANALYSIS = YES;
				CLANG_WARN_STRICT_PROTOTYPES = YES;
				CLANG_WARN_SUSPICIOUS_MOVE = YES;
				CLANG_WARN_UNGUARDED_AVAILABILITY = YES_AGGRESSIVE;
				CLANG_WARN_UNREACHABLE_CODE = YES;
				CLANG_WARN__DUPLICATE_METHOD_MATCH = YES;
				COPY_PHASE_STRIP = NO;
				DEBUG_INFORMATION_FORMAT = dwarf;
				ENABLE_STRICT_OBJC_MSGSEND = YES;
				ENABLE_TESTABILITY = YES;
				GCC_C_LANGUAGE_STANDARD = gnu11;
				GCC_DYNAMIC_NO_PIC = NO;
				GCC_NO_COMMON_BLOCKS = YES;
				GCC_OPTIMIZATION_LEVEL = 0;
				GCC_PREPROCESSOR_DEFINITIONS = (
					"DEBUG=1",
					"$(inherited)",
				);
				GCC_WARN_64_TO_32_BIT_CONVERSION = YES;
				GCC_WARN_ABOUT_RETURN_TYPE = YES_ERROR;
				GCC_WARN_UNDECLARED_SELECTOR = YES;
				GCC_WARN_UNINITIALIZED_AUTOS = YES_AGGRESSIVE;
				GCC_WARN_UNUSED_FUNCTION = YES;
				GCC_WARN_UNUSED_VARIABLE = YES;
				IPHONEOS_DEPLOYMENT_TARGET = 13.0;
				MTL_ENABLE_DEBUG_INFO = INCLUDE_SOURCE;
				MTL_FAST_MATH = YES;
				ONLY_ACTIVE_ARCH = YES;
				SDKROOT = iphoneos;
				SWIFT_ACTIVE_COMPILATION_CONDITIONS = DEBUG;
				SWIFT_OPTIMIZATION_LEVEL = "-Onone";
			};
			name = Debug;
		};
		B2CD2754234D06560016AA02 /* Release */ = {
			isa = XCBuildConfiguration;
			buildSettings = {
				ALWAYS_SEARCH_USER_PATHS = NO;
				CLANG_ANALYZER_LOCALIZABILITY_NONLOCALIZED = YES;
				CLANG_ANALYZER_NONNULL = YES;
				CLANG_ANALYZER_NUMBER_OBJECT_CONVERSION = YES_AGGRESSIVE;
				CLANG_CXX_LANGUAGE_STANDARD = "gnu++14";
				CLANG_CXX_LIBRARY = "libc++";
				CLANG_ENABLE_MODULES = YES;
				CLANG_ENABLE_OBJC_ARC = YES;
				CLANG_ENABLE_OBJC_WEAK = YES;
				CLANG_WARN_BLOCK_CAPTURE_AUTORELEASING = YES;
				CLANG_WARN_BOOL_CONVERSION = YES;
				CLANG_WARN_COMMA = YES;
				CLANG_WARN_CONSTANT_CONVERSION = YES;
				CLANG_WARN_DEPRECATED_OBJC_IMPLEMENTATIONS = YES;
				CLANG_WARN_DIRECT_OBJC_ISA_USAGE = YES_ERROR;
				CLANG_WARN_DOCUMENTATION_COMMENTS = YES;
				CLANG_WARN_EMPTY_BODY = YES;
				CLANG_WARN_ENUM_CONVERSION = YES;
				CLANG_WARN_INFINITE_RECURSION = YES;
				CLANG_WARN_INT_CONVERSION = YES;
				CLANG_WARN_NON_LITERAL_NULL_CONVERSION = YES;
				CLANG_WARN_OBJC_IMPLICIT_RETAIN_SELF = YES;
				CLANG_WARN_OBJC_LITERAL_CONVERSION = YES;
				CLANG_WARN_OBJC_ROOT_CLASS = YES_ERROR;
				CLANG_WARN_QUOTED_INCLUDE_IN_FRAMEWORK_HEADER = YES;
				CLANG_WARN_RANGE_LOOP_ANALYSIS = YES;
				CLANG_WARN_STRICT_PROTOTYPES = YES;
				CLANG_WARN_SUSPICIOUS_MOVE = YES;
				CLANG_WARN_UNGUARDED_AVAILABILITY = YES_AGGRESSIVE;
				CLANG_WARN_UNREACHABLE_CODE = YES;
				CLANG_WARN__DUPLICATE_METHOD_MATCH = YES;
				COPY_PHASE_STRIP = NO;
				DEBUG_INFORMATION_FORMAT = "dwarf-with-dsym";
				ENABLE_NS_ASSERTIONS = NO;
				ENABLE_STRICT_OBJC_MSGSEND = YES;
				GCC_C_LANGUAGE_STANDARD = gnu11;
				GCC_NO_COMMON_BLOCKS = YES;
				GCC_WARN_64_TO_32_BIT_CONVERSION = YES;
				GCC_WARN_ABOUT_RETURN_TYPE = YES_ERROR;
				GCC_WARN_UNDECLARED_SELECTOR = YES;
				GCC_WARN_UNINITIALIZED_AUTOS = YES_AGGRESSIVE;
				GCC_WARN_UNUSED_FUNCTION = YES;
				GCC_WARN_UNUSED_VARIABLE = YES;
				IPHONEOS_DEPLOYMENT_TARGET = 13.0;
				MTL_ENABLE_DEBUG_INFO = NO;
				MTL_FAST_MATH = YES;
				SDKROOT = iphoneos;
				SWIFT_COMPILATION_MODE = wholemodule;
				SWIFT_OPTIMIZATION_LEVEL = "-O";
				VALIDATE_PRODUCT = YES;
			};
			name = Release;
		};
		B2CD2756234D06560016AA02 /* Debug */ = {
			isa = XCBuildConfiguration;
			buildSettings = {
				ASSETCATALOG_COMPILER_APPICON_NAME = AppIcon;
				CODE_SIGN_ENTITLEMENTS = RobotConf/AndroidMakers.entitlements;
				CODE_SIGN_STYLE = Automatic;
				CURRENT_PROJECT_VERSION = 13;
				DEVELOPMENT_ASSET_PATHS = "RobotConf/Preview\\ Content";
				DEVELOPMENT_TEAM = 57MV6634WZ;
				ENABLE_PREVIEWS = YES;
				ENABLE_USER_SCRIPT_SANDBOXING = NO;
				FRAMEWORK_SEARCH_PATHS = "$(SRCROOT)/../shared/build/xcode-frameworks/$(CONFIGURATION)/$(SDK_NAME)";
				INFOPLIST_FILE = RobotConf/Info.plist;
				IPHONEOS_DEPLOYMENT_TARGET = 15.0;
				LD_RUNPATH_SEARCH_PATHS = (
					"$(inherited)",
					"@executable_path/Frameworks",
				);
				MARKETING_VERSION = 3.0.0;
				OTHER_LDFLAGS = (
					"-framework",
					shared,
				);
				PRODUCT_BUNDLE_IDENTIFIER = com.paug.RobotConf;
				PRODUCT_NAME = RobotConf;
				SWIFT_VERSION = 5.0;
				TARGETED_DEVICE_FAMILY = "1,2";
			};
			name = Debug;
		};
		B2CD2757234D06560016AA02 /* Release */ = {
			isa = XCBuildConfiguration;
			buildSettings = {
				ASSETCATALOG_COMPILER_APPICON_NAME = AppIcon;
				CODE_SIGN_ENTITLEMENTS = RobotConf/AndroidMakers.entitlements;
				CODE_SIGN_STYLE = Automatic;
				CURRENT_PROJECT_VERSION = 13;
				DEVELOPMENT_ASSET_PATHS = "RobotConf/Preview\\ Content";
				DEVELOPMENT_TEAM = 57MV6634WZ;
				ENABLE_PREVIEWS = YES;
				ENABLE_USER_SCRIPT_SANDBOXING = NO;
				FRAMEWORK_SEARCH_PATHS = "$(SRCROOT)/../shared/build/xcode-frameworks/$(CONFIGURATION)/$(SDK_NAME)";
				INFOPLIST_FILE = RobotConf/Info.plist;
				IPHONEOS_DEPLOYMENT_TARGET = 15.0;
				LD_RUNPATH_SEARCH_PATHS = (
					"$(inherited)",
					"@executable_path/Frameworks",
				);
				MARKETING_VERSION = 3.0.0;
				OTHER_LDFLAGS = (
					"-framework",
					shared,
				);
				PRODUCT_BUNDLE_IDENTIFIER = com.paug.RobotConf;
				PRODUCT_NAME = RobotConf;
				SWIFT_VERSION = 5.0;
				TARGETED_DEVICE_FAMILY = "1,2";
			};
			name = Release;
		};
/* End XCBuildConfiguration section */

/* Begin XCConfigurationList section */
		B2CD2726234D06530016AA02 /* Build configuration list for PBXProject "RobotConf" */ = {
			isa = XCConfigurationList;
			buildConfigurations = (
				B2CD2753234D06560016AA02 /* Debug */,
				B2CD2754234D06560016AA02 /* Release */,
			);
			defaultConfigurationIsVisible = 0;
			defaultConfigurationName = Release;
		};
		B2CD2755234D06560016AA02 /* Build configuration list for PBXNativeTarget "RobotConf" */ = {
			isa = XCConfigurationList;
			buildConfigurations = (
				B2CD2756234D06560016AA02 /* Debug */,
				B2CD2757234D06560016AA02 /* Release */,
			);
			defaultConfigurationIsVisible = 0;
			defaultConfigurationName = Release;
		};
/* End XCConfigurationList section */

/* Begin XCRemoteSwiftPackageReference section */
		33243ECE27FA154700ECBA97 /* XCRemoteSwiftPackageReference "firebase-ios-sdk" */ = {
			isa = XCRemoteSwiftPackageReference;
			repositoryURL = "https://github.com/firebase/firebase-ios-sdk.git";
			requirement = {
				kind = upToNextMajorVersion;
				minimumVersion = 10.0.0;
			};
		};
		45DAAD7829E49D430085977B /* XCRemoteSwiftPackageReference "apollo-ios" */ = {
			isa = XCRemoteSwiftPackageReference;
			repositoryURL = "https://github.com/apollographql/apollo-ios.git";
			requirement = {
				kind = exactVersion;
				version = 1.0.7;
			};
		};
		B265B04523F0691400EA363D /* XCRemoteSwiftPackageReference "CodableFirebase" */ = {
			isa = XCRemoteSwiftPackageReference;
			repositoryURL = "https://github.com/alickbass/CodableFirebase";
			requirement = {
				kind = upToNextMajorVersion;
				minimumVersion = 0.2.0;
			};
		};
		B26E853923D49D8B006C2C9E /* XCRemoteSwiftPackageReference "SwiftRichString" */ = {
			isa = XCRemoteSwiftPackageReference;
			repositoryURL = "https://github.com/malcommac/SwiftRichString";
			requirement = {
				kind = upToNextMajorVersion;
				minimumVersion = 3.6.0;
			};
		};
		B2CD426C2362281A009FE6B0 /* XCRemoteSwiftPackageReference "url-image" */ = {
			isa = XCRemoteSwiftPackageReference;
			repositoryURL = "https://github.com/dmytro-anokhin/url-image.git";
			requirement = {
				kind = upToNextMajorVersion;
				minimumVersion = 3.0.0;
			};
		};
/* End XCRemoteSwiftPackageReference section */

/* Begin XCSwiftPackageProductDependency section */
		33243ECF27FA154700ECBA97 /* FirebaseCrashlytics */ = {
			isa = XCSwiftPackageProductDependency;
			package = 33243ECE27FA154700ECBA97 /* XCRemoteSwiftPackageReference "firebase-ios-sdk" */;
			productName = FirebaseCrashlytics;
		};
		33243ED127FA154700ECBA97 /* FirebaseFirestore */ = {
			isa = XCSwiftPackageProductDependency;
			package = 33243ECE27FA154700ECBA97 /* XCRemoteSwiftPackageReference "firebase-ios-sdk" */;
			productName = FirebaseFirestore;
		};
		33243ED327FA168800ECBA97 /* FirebaseAnalyticsWithoutAdIdSupport */ = {
			isa = XCSwiftPackageProductDependency;
			package = 33243ECE27FA154700ECBA97 /* XCRemoteSwiftPackageReference "firebase-ios-sdk" */;
			productName = FirebaseAnalyticsWithoutAdIdSupport;
		};
		33243ED527FA171400ECBA97 /* FirebaseAuth */ = {
			isa = XCSwiftPackageProductDependency;
			package = 33243ECE27FA154700ECBA97 /* XCRemoteSwiftPackageReference "firebase-ios-sdk" */;
			productName = FirebaseAuth;
		};
		45DAAD7929E49D430085977B /* Apollo */ = {
			isa = XCSwiftPackageProductDependency;
			package = 45DAAD7829E49D430085977B /* XCRemoteSwiftPackageReference "apollo-ios" */;
			productName = Apollo;
		};
		45DAAD7B29E49D430085977B /* ApolloSQLite */ = {
			isa = XCSwiftPackageProductDependency;
			package = 45DAAD7829E49D430085977B /* XCRemoteSwiftPackageReference "apollo-ios" */;
			productName = ApolloSQLite;
		};
		B265B04623F0691400EA363D /* CodableFirebase */ = {
			isa = XCSwiftPackageProductDependency;
			package = B265B04523F0691400EA363D /* XCRemoteSwiftPackageReference "CodableFirebase" */;
			productName = CodableFirebase;
		};
		B26E853A23D49D8B006C2C9E /* SwiftRichString */ = {
			isa = XCSwiftPackageProductDependency;
			package = B26E853923D49D8B006C2C9E /* XCRemoteSwiftPackageReference "SwiftRichString" */;
			productName = SwiftRichString;
		};
		B2CD426D2362281A009FE6B0 /* URLImage */ = {
			isa = XCSwiftPackageProductDependency;
			package = B2CD426C2362281A009FE6B0 /* XCRemoteSwiftPackageReference "url-image" */;
			productName = URLImage;
		};
/* End XCSwiftPackageProductDependency section */
	};
	rootObject = B2CD2723234D06530016AA02 /* Project object */;
}
