// !$*UTF8*$!
{
	archiveVersion = 1;
	classes = {
	};
	objectVersion = 54;
	objects = {

/* Begin PBXBuildFile section */
		33243ED027FA154700ECBA97 /* FirebaseCrashlytics in Frameworks */ = {isa = PBXBuildFile; productRef = 33243ECF27FA154700ECBA97 /* FirebaseCrashlytics */; };
		33243ED227FA154700ECBA97 /* FirebaseFirestore in Frameworks */ = {isa = PBXBuildFile; productRef = 33243ED127FA154700ECBA97 /* FirebaseFirestore */; };
		33243ED427FA168800ECBA97 /* FirebaseAnalyticsWithoutAdIdSupport in Frameworks */ = {isa = PBXBuildFile; productRef = 33243ED327FA168800ECBA97 /* FirebaseAnalyticsWithoutAdIdSupport */; };
		33243ED627FA171400ECBA97 /* FirebaseAuth in Frameworks */ = {isa = PBXBuildFile; productRef = 33243ED527FA171400ECBA97 /* FirebaseAuth */; };
		6418BE5D2BA1EC8900F3EA79 /* GoogleService-Info.plist in Resources */ = {isa = PBXBuildFile; fileRef = 6418BE5C2BA1EC8900F3EA79 /* GoogleService-Info.plist */; };
		B2CD272F234D06530016AA02 /* AppDelegate.swift in Sources */ = {isa = PBXBuildFile; fileRef = B2CD272E234D06530016AA02 /* AppDelegate.swift */; };
		B2CD2731234D06530016AA02 /* SceneDelegate.swift in Sources */ = {isa = PBXBuildFile; fileRef = B2CD2730234D06530016AA02 /* SceneDelegate.swift */; };
		B2CD2733234D06530016AA02 /* ContentView.swift in Sources */ = {isa = PBXBuildFile; fileRef = B2CD2732234D06530016AA02 /* ContentView.swift */; };
		B2CD2735234D06560016AA02 /* Assets.xcassets in Resources */ = {isa = PBXBuildFile; fileRef = B2CD2734234D06560016AA02 /* Assets.xcassets */; };
		B2CD2738234D06560016AA02 /* Preview Assets.xcassets in Resources */ = {isa = PBXBuildFile; fileRef = B2CD2737234D06560016AA02 /* Preview Assets.xcassets */; };
		B2CD273B234D06560016AA02 /* LaunchScreen.storyboard in Resources */ = {isa = PBXBuildFile; fileRef = B2CD2739234D06560016AA02 /* LaunchScreen.storyboard */; };
/* End PBXBuildFile section */

/* Begin PBXFileReference section */
		33CD20B328087FE7005084EF /* Base */ = {isa = PBXFileReference; lastKnownFileType = file.storyboard; name = Base; path = Base.lproj/LaunchScreen.storyboard; sourceTree = "<group>"; };
		6418BE5C2BA1EC8900F3EA79 /* GoogleService-Info.plist */ = {isa = PBXFileReference; fileEncoding = 4; lastKnownFileType = text.plist.xml; name = "GoogleService-Info.plist"; path = "../../../../Downloads/GoogleService-Info.plist"; sourceTree = "<group>"; };
		B29CC7032427A01200FB7EF3 /* AndroidMakers.entitlements */ = {isa = PBXFileReference; lastKnownFileType = text.plist.entitlements; path = AndroidMakers.entitlements; sourceTree = "<group>"; };
		B2CD272B234D06530016AA02 /* Android Makers.app */ = {isa = PBXFileReference; explicitFileType = wrapper.application; includeInIndex = 0; path = "Android Makers.app"; sourceTree = BUILT_PRODUCTS_DIR; };
		B2CD272E234D06530016AA02 /* AppDelegate.swift */ = {isa = PBXFileReference; lastKnownFileType = sourcecode.swift; path = AppDelegate.swift; sourceTree = "<group>"; };
		B2CD2730234D06530016AA02 /* SceneDelegate.swift */ = {isa = PBXFileReference; lastKnownFileType = sourcecode.swift; path = SceneDelegate.swift; sourceTree = "<group>"; };
		B2CD2732234D06530016AA02 /* ContentView.swift */ = {isa = PBXFileReference; lastKnownFileType = sourcecode.swift; path = ContentView.swift; sourceTree = "<group>"; };
		B2CD2734234D06560016AA02 /* Assets.xcassets */ = {isa = PBXFileReference; lastKnownFileType = folder.assetcatalog; path = Assets.xcassets; sourceTree = "<group>"; };
		B2CD2737234D06560016AA02 /* Preview Assets.xcassets */ = {isa = PBXFileReference; lastKnownFileType = folder.assetcatalog; path = "Preview Assets.xcassets"; sourceTree = "<group>"; };
		B2CD273C234D06560016AA02 /* Info.plist */ = {isa = PBXFileReference; lastKnownFileType = text.plist.xml; path = Info.plist; sourceTree = "<group>"; };
/* End PBXFileReference section */

/* Begin PBXFrameworksBuildPhase section */
		B2CD2728234D06530016AA02 /* Frameworks */ = {
			isa = PBXFrameworksBuildPhase;
			buildActionMask = 2147483647;
			files = (
				33243ED027FA154700ECBA97 /* FirebaseCrashlytics in Frameworks */,
				33243ED427FA168800ECBA97 /* FirebaseAnalyticsWithoutAdIdSupport in Frameworks */,
				33243ED227FA154700ECBA97 /* FirebaseFirestore in Frameworks */,
				33243ED627FA171400ECBA97 /* FirebaseAuth in Frameworks */,
			);
			runOnlyForDeploymentPostprocessing = 0;
		};
/* End PBXFrameworksBuildPhase section */

/* Begin PBXGroup section */
		B2CD2722234D06530016AA02 = {
			isa = PBXGroup;
			children = (
				B2CD272D234D06530016AA02 /* AndroidMakers */,
				B2CD272C234D06530016AA02 /* Products */,
			);
			sourceTree = "<group>";
		};
		B2CD272C234D06530016AA02 /* Products */ = {
			isa = PBXGroup;
			children = (
				B2CD272B234D06530016AA02 /* Android Makers.app */,
			);
			name = Products;
			sourceTree = "<group>";
		};
		B2CD272D234D06530016AA02 /* AndroidMakers */ = {
			isa = PBXGroup;
			children = (
				B29CC7032427A01200FB7EF3 /* AndroidMakers.entitlements */,
				B2CD272E234D06530016AA02 /* AppDelegate.swift */,
				B2CD2730234D06530016AA02 /* SceneDelegate.swift */,
				B2CD2760234D08400016AA02 /* UI */,
				B2CD273C234D06560016AA02 /* Info.plist */,
				6418BE5C2BA1EC8900F3EA79 /* GoogleService-Info.plist */,
				B2CD2736234D06560016AA02 /* Preview Content */,
			);
			path = AndroidMakers;
			sourceTree = "<group>";
		};
		B2CD2736234D06560016AA02 /* Preview Content */ = {
			isa = PBXGroup;
			children = (
				B2CD2737234D06560016AA02 /* Preview Assets.xcassets */,
			);
			path = "Preview Content";
			sourceTree = "<group>";
		};
		B2CD2760234D08400016AA02 /* UI */ = {
			isa = PBXGroup;
			children = (
				B2CD2732234D06530016AA02 /* ContentView.swift */,
				B2F270BF23DC7B7200FD6823 /* Resources */,
			);
			path = UI;
			sourceTree = "<group>";
		};
		B2F270BF23DC7B7200FD6823 /* Resources */ = {
			isa = PBXGroup;
			children = (
				B2CD2739234D06560016AA02 /* LaunchScreen.storyboard */,
				B2CD2734234D06560016AA02 /* Assets.xcassets */,
			);
			path = Resources;
			sourceTree = "<group>";
		};
/* End PBXGroup section */

/* Begin PBXNativeTarget section */
		B2CD272A234D06530016AA02 /* Android Makers */ = {
			isa = PBXNativeTarget;
			buildConfigurationList = B2CD2755234D06560016AA02 /* Build configuration list for PBXNativeTarget "Android Makers" */;
			buildPhases = (
				64F2D2762B878156005B9EAF /* 🏗️ Compile and embedded shared code */,
				B2CD2727234D06530016AA02 /* Sources */,
				B2CD2728234D06530016AA02 /* Frameworks */,
				B2CD2729234D06530016AA02 /* Resources */,
				B27CC3E82455ADD40055D36B /* Copy Firebase plist files */,
				644052092B8922D300F87201 /* 🎨 Generate Moko Resources */,
			);
			buildRules = (
			);
			dependencies = (
			);
			name = "Android Makers";
			packageProductDependencies = (
				33243ECF27FA154700ECBA97 /* FirebaseCrashlytics */,
				33243ED127FA154700ECBA97 /* FirebaseFirestore */,
				33243ED327FA168800ECBA97 /* FirebaseAnalyticsWithoutAdIdSupport */,
				33243ED527FA171400ECBA97 /* FirebaseAuth */,
			);
			productName = RobotConf;
			productReference = B2CD272B234D06530016AA02 /* Android Makers.app */;
			productType = "com.apple.product-type.application";
		};
/* End PBXNativeTarget section */

/* Begin PBXProject section */
		B2CD2723234D06530016AA02 /* Project object */ = {
			isa = PBXProject;
			attributes = {
				LastSwiftUpdateCheck = 1100;
				LastUpgradeCheck = 1330;
				ORGANIZATIONNAME = "Djavan Bertrand";
				TargetAttributes = {
					B2CD272A234D06530016AA02 = {
						CreatedOnToolsVersion = 11.0;
					};
				};
			};
			buildConfigurationList = B2CD2726234D06530016AA02 /* Build configuration list for PBXProject "Android Makers" */;
			compatibilityVersion = "Xcode 9.3";
			developmentRegion = en;
			hasScannedForEncodings = 0;
			knownRegions = (
				en,
				fr,
				Base,
			);
			mainGroup = B2CD2722234D06530016AA02;
			packageReferences = (
				33243ECE27FA154700ECBA97 /* XCRemoteSwiftPackageReference "firebase-ios-sdk" */,
			);
			productRefGroup = B2CD272C234D06530016AA02 /* Products */;
			projectDirPath = "";
			projectRoot = "";
			targets = (
				B2CD272A234D06530016AA02 /* Android Makers */,
			);
		};
/* End PBXProject section */

/* Begin PBXResourcesBuildPhase section */
		B2CD2729234D06530016AA02 /* Resources */ = {
			isa = PBXResourcesBuildPhase;
			buildActionMask = 2147483647;
			files = (
				B2CD273B234D06560016AA02 /* LaunchScreen.storyboard in Resources */,
				B2CD2738234D06560016AA02 /* Preview Assets.xcassets in Resources */,
				B2CD2735234D06560016AA02 /* Assets.xcassets in Resources */,
				6418BE5D2BA1EC8900F3EA79 /* GoogleService-Info.plist in Resources */,
			);
			runOnlyForDeploymentPostprocessing = 0;
		};
/* End PBXResourcesBuildPhase section */

/* Begin PBXShellScriptBuildPhase section */
		644052092B8922D300F87201 /* 🎨 Generate Moko Resources */ = {
			isa = PBXShellScriptBuildPhase;
			alwaysOutOfDate = 1;
			buildActionMask = 2147483647;
			files = (
			);
			inputFileListPaths = (
			);
			inputPaths = (
			);
			name = "🎨 Generate Moko Resources";
			outputFileListPaths = (
			);
			outputPaths = (
			);
			runOnlyForDeploymentPostprocessing = 0;
			shellPath = /bin/sh;
			shellScript = "\"$SRCROOT/../gradlew\" -p \"$SRCROOT/../\" :shared:copyFrameworkResourcesToApp \\\n    -Pmoko.resources.PLATFORM_NAME=\"$PLATFORM_NAME\" \\\n    -Pmoko.resources.CONFIGURATION=\"$CONFIGURATION\" \\\n    -Pmoko.resources.ARCHS=\"$ARCHS\" \\\n    -Pmoko.resources.BUILT_PRODUCTS_DIR=\"$BUILT_PRODUCTS_DIR\" \\\n    -Pmoko.resources.CONTENTS_FOLDER_PATH=\"$CONTENTS_FOLDER_PATH\" \n";
		};
		64F2D2762B878156005B9EAF /* 🏗️ Compile and embedded shared code */ = {
			isa = PBXShellScriptBuildPhase;
			alwaysOutOfDate = 1;
			buildActionMask = 2147483647;
			files = (
			);
			inputFileListPaths = (
			);
			inputPaths = (
			);
			name = "🏗️ Compile and embedded shared code";
			outputFileListPaths = (
			);
			outputPaths = (
			);
			runOnlyForDeploymentPostprocessing = 0;
			shellPath = /bin/sh;
			shellScript = "cd \"$SRCROOT/..\"\n./gradlew :shared:embedAndSignAppleFrameworkForXcode\n";
		};
		B27CC3E82455ADD40055D36B /* Copy Firebase plist files */ = {
			isa = PBXShellScriptBuildPhase;
			buildActionMask = 2147483647;
			files = (
			);
			inputFileListPaths = (
			);
			inputPaths = (
			);
			name = "Copy Firebase plist files";
			outputFileListPaths = (
			);
			outputPaths = (
			);
			runOnlyForDeploymentPostprocessing = 0;
			shellPath = /bin/sh;
			shellScript = "MAIN_FIREBASE_FILE=\"${SRCROOT}/AndroidMakers/GoogleService-Info.plist\"\nOPENFEEDBACK_FIREBASE_FILE=\"${SRCROOT}/AndroidMakers/OpenFeedback-Info.plist\"\nif [ -f \"${MAIN_FIREBASE_FILE}\" ]; then\n    cp -r \"${MAIN_FIREBASE_FILE}\" \"${BUILT_PRODUCTS_DIR}/${PRODUCT_NAME}.app\"\nfi\n\nif [ -f \"${OPENFEEDBACK_FIREBASE_FILE}\" ]; then\n    cp -r \"${OPENFEEDBACK_FIREBASE_FILE}\" \"${BUILT_PRODUCTS_DIR}/${PRODUCT_NAME}.app\"\nfi\n";
		};
/* End PBXShellScriptBuildPhase section */

/* Begin PBXSourcesBuildPhase section */
		B2CD2727234D06530016AA02 /* Sources */ = {
			isa = PBXSourcesBuildPhase;
			buildActionMask = 2147483647;
			files = (
				B2CD272F234D06530016AA02 /* AppDelegate.swift in Sources */,
				B2CD2731234D06530016AA02 /* SceneDelegate.swift in Sources */,
				B2CD2733234D06530016AA02 /* ContentView.swift in Sources */,
			);
			runOnlyForDeploymentPostprocessing = 0;
		};
/* End PBXSourcesBuildPhase section */

/* Begin PBXVariantGroup section */
		B2CD2739234D06560016AA02 /* LaunchScreen.storyboard */ = {
			isa = PBXVariantGroup;
			children = (
				33CD20B328087FE7005084EF /* Base */,
			);
			name = LaunchScreen.storyboard;
			sourceTree = "<group>";
		};
/* End PBXVariantGroup section */

/* Begin XCBuildConfiguration section */
		B2CD2753234D06560016AA02 /* Debug */ = {
			isa = XCBuildConfiguration;
			buildSettings = {
				ALWAYS_SEARCH_USER_PATHS = NO;
				CLANG_ANALYZER_LOCALIZABILITY_NONLOCALIZED = YES;
				CLANG_ANALYZER_NONNULL = YES;
				CLANG_ANALYZER_NUMBER_OBJECT_CONVERSION = YES_AGGRESSIVE;
				CLANG_CXX_LANGUAGE_STANDARD = "gnu++14";
				CLANG_CXX_LIBRARY = "libc++";
				CLANG_ENABLE_MODULES = YES;
				CLANG_ENABLE_OBJC_ARC = YES;
				CLANG_ENABLE_OBJC_WEAK = YES;
				CLANG_WARN_BLOCK_CAPTURE_AUTORELEASING = YES;
				CLANG_WARN_BOOL_CONVERSION = YES;
				CLANG_WARN_COMMA = YES;
				CLANG_WARN_CONSTANT_CONVERSION = YES;
				CLANG_WARN_DEPRECATED_OBJC_IMPLEMENTATIONS = YES;
				CLANG_WARN_DIRECT_OBJC_ISA_USAGE = YES_ERROR;
				CLANG_WARN_DOCUMENTATION_COMMENTS = YES;
				CLANG_WARN_EMPTY_BODY = YES;
				CLANG_WARN_ENUM_CONVERSION = YES;
				CLANG_WARN_INFINITE_RECURSION = YES;
				CLANG_WARN_INT_CONVERSION = YES;
				CLANG_WARN_NON_LITERAL_NULL_CONVERSION = YES;
				CLANG_WARN_OBJC_IMPLICIT_RETAIN_SELF = YES;
				CLANG_WARN_OBJC_LITERAL_CONVERSION = YES;
				CLANG_WARN_OBJC_ROOT_CLASS = YES_ERROR;
				CLANG_WARN_QUOTED_INCLUDE_IN_FRAMEWORK_HEADER = YES;
				CLANG_WARN_RANGE_LOOP_ANALYSIS = YES;
				CLANG_WARN_STRICT_PROTOTYPES = YES;
				CLANG_WARN_SUSPICIOUS_MOVE = YES;
				CLANG_WARN_UNGUARDED_AVAILABILITY = YES_AGGRESSIVE;
				CLANG_WARN_UNREACHABLE_CODE = YES;
				CLANG_WARN__DUPLICATE_METHOD_MATCH = YES;
				COPY_PHASE_STRIP = NO;
				DEBUG_INFORMATION_FORMAT = dwarf;
				ENABLE_STRICT_OBJC_MSGSEND = YES;
				ENABLE_TESTABILITY = YES;
				GCC_C_LANGUAGE_STANDARD = gnu11;
				GCC_DYNAMIC_NO_PIC = NO;
				GCC_NO_COMMON_BLOCKS = YES;
				GCC_OPTIMIZATION_LEVEL = 0;
				GCC_PREPROCESSOR_DEFINITIONS = (
					"DEBUG=1",
					"$(inherited)",
				);
				GCC_WARN_64_TO_32_BIT_CONVERSION = YES;
				GCC_WARN_ABOUT_RETURN_TYPE = YES_ERROR;
				GCC_WARN_UNDECLARED_SELECTOR = YES;
				GCC_WARN_UNINITIALIZED_AUTOS = YES_AGGRESSIVE;
				GCC_WARN_UNUSED_FUNCTION = YES;
				GCC_WARN_UNUSED_VARIABLE = YES;
				IPHONEOS_DEPLOYMENT_TARGET = 13.0;
				MTL_ENABLE_DEBUG_INFO = INCLUDE_SOURCE;
				MTL_FAST_MATH = YES;
				ONLY_ACTIVE_ARCH = YES;
				SDKROOT = iphoneos;
				SWIFT_ACTIVE_COMPILATION_CONDITIONS = DEBUG;
				SWIFT_OPTIMIZATION_LEVEL = "-Onone";
			};
			name = Debug;
		};
		B2CD2754234D06560016AA02 /* Release */ = {
			isa = XCBuildConfiguration;
			buildSettings = {
				ALWAYS_SEARCH_USER_PATHS = NO;
				CLANG_ANALYZER_LOCALIZABILITY_NONLOCALIZED = YES;
				CLANG_ANALYZER_NONNULL = YES;
				CLANG_ANALYZER_NUMBER_OBJECT_CONVERSION = YES_AGGRESSIVE;
				CLANG_CXX_LANGUAGE_STANDARD = "gnu++14";
				CLANG_CXX_LIBRARY = "libc++";
				CLANG_ENABLE_MODULES = YES;
				CLANG_ENABLE_OBJC_ARC = YES;
				CLANG_ENABLE_OBJC_WEAK = YES;
				CLANG_WARN_BLOCK_CAPTURE_AUTORELEASING = YES;
				CLANG_WARN_BOOL_CONVERSION = YES;
				CLANG_WARN_COMMA = YES;
				CLANG_WARN_CONSTANT_CONVERSION = YES;
				CLANG_WARN_DEPRECATED_OBJC_IMPLEMENTATIONS = YES;
				CLANG_WARN_DIRECT_OBJC_ISA_USAGE = YES_ERROR;
				CLANG_WARN_DOCUMENTATION_COMMENTS = YES;
				CLANG_WARN_EMPTY_BODY = YES;
				CLANG_WARN_ENUM_CONVERSION = YES;
				CLANG_WARN_INFINITE_RECURSION = YES;
				CLANG_WARN_INT_CONVERSION = YES;
				CLANG_WARN_NON_LITERAL_NULL_CONVERSION = YES;
				CLANG_WARN_OBJC_IMPLICIT_RETAIN_SELF = YES;
				CLANG_WARN_OBJC_LITERAL_CONVERSION = YES;
				CLANG_WARN_OBJC_ROOT_CLASS = YES_ERROR;
				CLANG_WARN_QUOTED_INCLUDE_IN_FRAMEWORK_HEADER = YES;
				CLANG_WARN_RANGE_LOOP_ANALYSIS = YES;
				CLANG_WARN_STRICT_PROTOTYPES = YES;
				CLANG_WARN_SUSPICIOUS_MOVE = YES;
				CLANG_WARN_UNGUARDED_AVAILABILITY = YES_AGGRESSIVE;
				CLANG_WARN_UNREACHABLE_CODE = YES;
				CLANG_WARN__DUPLICATE_METHOD_MATCH = YES;
				COPY_PHASE_STRIP = NO;
				DEBUG_INFORMATION_FORMAT = "dwarf-with-dsym";
				ENABLE_NS_ASSERTIONS = NO;
				ENABLE_STRICT_OBJC_MSGSEND = YES;
				GCC_C_LANGUAGE_STANDARD = gnu11;
				GCC_NO_COMMON_BLOCKS = YES;
				GCC_WARN_64_TO_32_BIT_CONVERSION = YES;
				GCC_WARN_ABOUT_RETURN_TYPE = YES_ERROR;
				GCC_WARN_UNDECLARED_SELECTOR = YES;
				GCC_WARN_UNINITIALIZED_AUTOS = YES_AGGRESSIVE;
				GCC_WARN_UNUSED_FUNCTION = YES;
				GCC_WARN_UNUSED_VARIABLE = YES;
				IPHONEOS_DEPLOYMENT_TARGET = 13.0;
				MTL_ENABLE_DEBUG_INFO = NO;
				MTL_FAST_MATH = YES;
				SDKROOT = iphoneos;
				SWIFT_COMPILATION_MODE = wholemodule;
				SWIFT_OPTIMIZATION_LEVEL = "-O";
				VALIDATE_PRODUCT = YES;
			};
			name = Release;
		};
		B2CD2756234D06560016AA02 /* Debug */ = {
			isa = XCBuildConfiguration;
			buildSettings = {
				ASSETCATALOG_COMPILER_APPICON_NAME = AppIcon;
				CODE_SIGN_ENTITLEMENTS = AndroidMakers/AndroidMakers.entitlements;
				CODE_SIGN_STYLE = Automatic;
				CURRENT_PROJECT_VERSION = 13;
				DEVELOPMENT_ASSET_PATHS = "\"AndroidMakers/Preview Content\"";
				DEVELOPMENT_TEAM = "";
				ENABLE_PREVIEWS = YES;
				ENABLE_USER_SCRIPT_SANDBOXING = NO;
				FRAMEWORK_SEARCH_PATHS = "$(SRCROOT)/../shared/build/xcode-frameworks/$(CONFIGURATION)/$(SDK_NAME)";
				INFOPLIST_FILE = AndroidMakers/Info.plist;
				IPHONEOS_DEPLOYMENT_TARGET = 15.0;
				LD_RUNPATH_SEARCH_PATHS = (
					"$(inherited)",
					"@executable_path/Frameworks",
				);
				MARKETING_VERSION = 3.0.0;
				OTHER_LDFLAGS = (
					"-framework",
					shared,
				);
				PRODUCT_BUNDLE_IDENTIFIER = com.paug.RobotConf;
				PRODUCT_NAME = "Android Makers";
				SWIFT_VERSION = 5.0;
				TARGETED_DEVICE_FAMILY = "1,2";
			};
			name = Debug;
		};
		B2CD2757234D06560016AA02 /* Release */ = {
			isa = XCBuildConfiguration;
			buildSettings = {
				ASSETCATALOG_COMPILER_APPICON_NAME = AppIcon;
				CODE_SIGN_ENTITLEMENTS = AndroidMakers/AndroidMakers.entitlements;
				CODE_SIGN_STYLE = Automatic;
				CURRENT_PROJECT_VERSION = 13;
				DEVELOPMENT_ASSET_PATHS = "\"AndroidMakers/Preview Content\"";
				DEVELOPMENT_TEAM = "";
				ENABLE_PREVIEWS = YES;
				ENABLE_USER_SCRIPT_SANDBOXING = NO;
				FRAMEWORK_SEARCH_PATHS = "$(SRCROOT)/../shared/build/xcode-frameworks/$(CONFIGURATION)/$(SDK_NAME)";
				INFOPLIST_FILE = AndroidMakers/Info.plist;
				IPHONEOS_DEPLOYMENT_TARGET = 15.0;
				LD_RUNPATH_SEARCH_PATHS = (
					"$(inherited)",
					"@executable_path/Frameworks",
				);
				MARKETING_VERSION = 3.0.0;
				OTHER_LDFLAGS = (
					"-framework",
					shared,
				);
				PRODUCT_BUNDLE_IDENTIFIER = com.paug.RobotConf;
				PRODUCT_NAME = "Android Makers";
				SWIFT_VERSION = 5.0;
				TARGETED_DEVICE_FAMILY = "1,2";
			};
			name = Release;
		};
/* End XCBuildConfiguration section */

/* Begin XCConfigurationList section */
		B2CD2726234D06530016AA02 /* Build configuration list for PBXProject "Android Makers" */ = {
			isa = XCConfigurationList;
			buildConfigurations = (
				B2CD2753234D06560016AA02 /* Debug */,
				B2CD2754234D06560016AA02 /* Release */,
			);
			defaultConfigurationIsVisible = 0;
			defaultConfigurationName = Release;
		};
		B2CD2755234D06560016AA02 /* Build configuration list for PBXNativeTarget "Android Makers" */ = {
			isa = XCConfigurationList;
			buildConfigurations = (
				B2CD2756234D06560016AA02 /* Debug */,
				B2CD2757234D06560016AA02 /* Release */,
			);
			defaultConfigurationIsVisible = 0;
			defaultConfigurationName = Release;
		};
/* End XCConfigurationList section */

/* Begin XCRemoteSwiftPackageReference section */
		33243ECE27FA154700ECBA97 /* XCRemoteSwiftPackageReference "firebase-ios-sdk" */ = {
			isa = XCRemoteSwiftPackageReference;
			repositoryURL = "https://github.com/firebase/firebase-ios-sdk.git";
			requirement = {
				kind = exactVersion;
				version = 10.23.0;
			};
		};
/* End XCRemoteSwiftPackageReference section */

/* Begin XCSwiftPackageProductDependency section */
		33243ECF27FA154700ECBA97 /* FirebaseCrashlytics */ = {
			isa = XCSwiftPackageProductDependency;
			package = 33243ECE27FA154700ECBA97 /* XCRemoteSwiftPackageReference "firebase-ios-sdk" */;
			productName = FirebaseCrashlytics;
		};
		33243ED127FA154700ECBA97 /* FirebaseFirestore */ = {
			isa = XCSwiftPackageProductDependency;
			package = 33243ECE27FA154700ECBA97 /* XCRemoteSwiftPackageReference "firebase-ios-sdk" */;
			productName = FirebaseFirestore;
		};
		33243ED327FA168800ECBA97 /* FirebaseAnalyticsWithoutAdIdSupport */ = {
			isa = XCSwiftPackageProductDependency;
			package = 33243ECE27FA154700ECBA97 /* XCRemoteSwiftPackageReference "firebase-ios-sdk" */;
			productName = FirebaseAnalyticsWithoutAdIdSupport;
		};
		33243ED527FA171400ECBA97 /* FirebaseAuth */ = {
			isa = XCSwiftPackageProductDependency;
			package = 33243ECE27FA154700ECBA97 /* XCRemoteSwiftPackageReference "firebase-ios-sdk" */;
			productName = FirebaseAuth;
		};
/* End XCSwiftPackageProductDependency section */
	};
	rootObject = B2CD2723234D06530016AA02 /* Project object */;
}
